PODS:
  - Bolts (1.8.4):
    - Bolts/AppLinks (= 1.8.4)
    - Bolts/Tasks (= 1.8.4)
  - Bolts/AppLinks (1.8.4):
    - Bolts/Tasks
  - Bolts/Tasks (1.8.4)
  - Fabric (1.6.10)
  - FBSDKCoreKit (4.16.0):
    - Bolts (~> 1.7)
  - FBSDKLoginKit (4.16.1):
    - FBSDKCoreKit
  - Firebase/Analytics (3.7.1):
    - Firebase/Core
  - Firebase/Auth (3.7.1):
    - Firebase/Core
    - FirebaseAuth (= 3.0.5)
  - Firebase/Core (3.7.1):
    - FirebaseAnalytics (= 3.4.4)
    - FirebaseCore (= 3.4.3)
  - Firebase/Crash (3.7.1):
    - Firebase/Core
    - FirebaseCrash (= 1.0.7)
  - Firebase/Storage (3.7.1):
    - Firebase/Core
    - FirebaseStorage (= 1.0.3)
  - FirebaseAnalytics (3.4.4):
    - FirebaseCore (~> 3.4)
    - FirebaseInstanceID (~> 1.0)
    - GoogleInterchangeUtilities (~> 1.2)
    - GoogleSymbolUtilities (~> 1.1)
  - FirebaseAuth (3.0.5):
    - FirebaseAnalytics (~> 3.3)
    - GoogleNetworkingUtilities (~> 1.2)
    - GoogleUtilities (~> 1.2)
  - FirebaseAuthUI (0.6.2):
    - FirebaseAuthUI/AuthBase (= 0.6.2)
  - FirebaseAuthUI/AuthBase (0.6.2):
    - Firebase/Analytics (~> 3.0)
    - Firebase/Auth (~> 3.0)
  - FirebaseCore (3.4.3):
    - GoogleInterchangeUtilities (~> 1.2)
    - GoogleUtilities (~> 1.2)
  - FirebaseCrash (1.0.7):
    - FirebaseAnalytics (~> 3.2)
    - FirebaseInstanceID (~> 1.0)
    - GoogleInterchangeUtilities (~> 1.2)
    - GoogleSymbolUtilities (~> 1.1)
    - GoogleUtilities (~> 1.2)
  - FirebaseFacebookAuthUI (0.6.2):
    - FirebaseFacebookAuthUI/Facebook (= 0.6.2)
  - FirebaseFacebookAuthUI/Facebook (0.6.2):
    - FBSDKLoginKit (~> 4.0)
    - FirebaseAuthUI/AuthBase
  - FirebaseGoogleAuthUI (0.6.2):
    - FirebaseGoogleAuthUI/Google (= 0.6.2)
  - FirebaseGoogleAuthUI/Google (0.6.2):
    - FirebaseAuthUI/AuthBase
    - GoogleSignIn (~> 4.0)
  - FirebaseInstanceID (1.0.8)
  - FirebaseStorage (1.0.3):
    - FirebaseAnalytics (~> 3.3)
    - GoogleNetworkingUtilities (~> 1.2)
  - FirebaseStorageUI (0.6.2):
    - FirebaseStorageUI/Storage (= 0.6.2)
  - FirebaseStorageUI/Storage (0.6.2):
    - Firebase/Storage (~> 3.0)
    - SDWebImage
  - FirebaseTwitterAuthUI (0.6.2):
    - FirebaseTwitterAuthUI/Twitter (= 0.6.2)
  - FirebaseTwitterAuthUI/Twitter (0.6.2):
    - FirebaseAuthUI/AuthBase
    - TwitterKit (~> 2.4)
  - FontAwesomeIconFactory (2.1.1)
  - GoogleAppUtilities (1.1.2):
    - GoogleSymbolUtilities (~> 1.1)
  - GoogleAuthUtilities (2.0.2):
    - GoogleNetworkingUtilities (~> 1.2)
    - GoogleSymbolUtilities (~> 1.1)
  - GoogleInterchangeUtilities (1.2.2):
    - GoogleSymbolUtilities (~> 1.1)
  - GoogleNetworkingUtilities (1.2.2):
    - GoogleSymbolUtilities (~> 1.1)
  - GoogleSignIn (4.0.0):
    - GoogleAppUtilities (~> 1.1)
    - GoogleAuthUtilities (~> 2.0)
    - GoogleNetworkingUtilities (~> 1.2)
    - GoogleUtilities (~> 1.3)
  - GoogleSymbolUtilities (1.1.2)
  - GoogleUtilities (1.3.2):
    - GoogleSymbolUtilities (~> 1.1)
  - ISO8601DateFormatterValueTransformer (0.6.1):
    - RKValueTransformers (~> 1.1.0)
  - MagicalRecord (2.3.2):
    - MagicalRecord/Core (= 2.3.2)
  - MagicalRecord/Core (2.3.2)
  - Mobile-Buy-SDK (2.0.1)
  - OCMock (3.3.1)
  - RestKit (0.27.0):
    - RestKit/Core (= 0.27.0)
  - RestKit/Core (0.27.0):
    - RestKit/CoreData
    - RestKit/Network
    - RestKit/ObjectMapping
  - RestKit/CoreData (0.27.0):
    - RestKit/ObjectMapping
  - RestKit/Network (0.27.0):
    - RestKit/ObjectMapping
    - RestKit/Support
    - SOCKit
  - RestKit/ObjectMapping (0.27.0):
    - ISO8601DateFormatterValueTransformer (~> 0.6.1)
    - RestKit/Support
    - RKValueTransformers (~> 1.1.0)
  - RestKit/Support (0.27.0):
    - TransitionKit (~> 2.2)
  - RestKit/Testing (0.27.0):
    - RestKit/Network
  - RKValueTransformers (1.1.3)
  - SDWebImage (3.8.2):
    - SDWebImage/Core (= 3.8.2)
  - SDWebImage/Core (3.8.2)
  - SOCKit (1.1)
  - TransitionKit (2.2.1)
  - TwitterCore (2.5.0):
    - Fabric
  - TwitterKit (2.5.0):
    - TwitterCore (= 2.5.0)

DEPENDENCIES:
  - Firebase/Crash
  - FirebaseAuthUI (from `https://raw.githubusercontent.com/firebase/FirebaseUI-iOS/master/FirebaseUI_dev_auth.podspec`)
  - FirebaseFacebookAuthUI (from `https://raw.githubusercontent.com/firebase/FirebaseUI-iOS/master/FirebaseUI_dev_fb.podspec`)
  - FirebaseGoogleAuthUI (from `https://raw.githubusercontent.com/firebase/FirebaseUI-iOS/master/FirebaseUI_dev_ggl.podspec`)
  - FirebaseStorageUI (from `https://raw.githubusercontent.com/firebase/FirebaseUI-iOS/master/FirebaseUI_dev_storage.podspec`)
  - FirebaseTwitterAuthUI (from `https://raw.githubusercontent.com/firebase/FirebaseUI-iOS/master/FirebaseUI_dev_tw.podspec`)
  - FontAwesomeIconFactory
  - MagicalRecord
  - Mobile-Buy-SDK
  - OCMock
  - RestKit
  - RestKit/Testing

EXTERNAL SOURCES:
  FirebaseAuthUI:
    :podspec: https://raw.githubusercontent.com/firebase/FirebaseUI-iOS/master/FirebaseUI_dev_auth.podspec
  FirebaseFacebookAuthUI:
    :podspec: https://raw.githubusercontent.com/firebase/FirebaseUI-iOS/master/FirebaseUI_dev_fb.podspec
  FirebaseGoogleAuthUI:
    :podspec: https://raw.githubusercontent.com/firebase/FirebaseUI-iOS/master/FirebaseUI_dev_ggl.podspec
  FirebaseStorageUI:
    :podspec: https://raw.githubusercontent.com/firebase/FirebaseUI-iOS/master/FirebaseUI_dev_storage.podspec
  FirebaseTwitterAuthUI:
    :podspec: https://raw.githubusercontent.com/firebase/FirebaseUI-iOS/master/FirebaseUI_dev_tw.podspec

CHECKOUT OPTIONS:
  FirebaseAuthUI:
    :commit: 5305e2da4dc6021200bd69e765cdb659374430a3
    :git: https://github.com/firebase/FirebaseUI-iOS.git
  FirebaseFacebookAuthUI:
    :commit: 5305e2da4dc6021200bd69e765cdb659374430a3
    :git: https://github.com/firebase/FirebaseUI-iOS.git
  FirebaseGoogleAuthUI:
    :commit: 5305e2da4dc6021200bd69e765cdb659374430a3
    :git: https://github.com/firebase/FirebaseUI-iOS.git
  FirebaseStorageUI:
    :commit: 5305e2da4dc6021200bd69e765cdb659374430a3
    :git: https://github.com/firebase/FirebaseUI-iOS.git
  FirebaseTwitterAuthUI:
    :commit: 5305e2da4dc6021200bd69e765cdb659374430a3
    :git: https://github.com/firebase/FirebaseUI-iOS.git

SPEC CHECKSUMS:
  Bolts: 8a7995239dbe724f9cba2248b766d48b7ebdd322
  Fabric: c73f371ee543e3f0b80608f2674750e4910d1669
  FBSDKCoreKit: 7a6baaed4a2b2a244ba253346713bdbc74df135b
  FBSDKLoginKit: 469a56cebe2e1ed62b1621d0b155970fd6aac2d8
  Firebase: be473484f0d515e72ffd04acf22f981773c23e58
  FirebaseAnalytics: 0533a00b681e08fd0b2cd0444b7ddf0ef9fd7a1a
  FirebaseAuth: 75a062bbf2d3c97d1e6e55bbc110e13a6853e25d
  FirebaseAuthUI: 4fd0b0e8bc1bac5bffa9ca6c9785e2824e66751d
  FirebaseCore: 5a885548bbc5f0c410b04f8e9ac9d73ff1221907
  FirebaseCrash: 2efeb3715b76ac843b841529ce413efb67e5fd4d
  FirebaseFacebookAuthUI: 2ab180ea7e7b5d24ba13c88c388ee93846deb46a
  FirebaseGoogleAuthUI: c53b6f47ffab19b50a3ca72c759959bba07d33cc
  FirebaseInstanceID: ba1e640935235e5fac39dfa816fe7660e72e1a8a
  FirebaseStorage: 3992817bf405f5c1a4f8349678d22724cd0ef509
  FirebaseStorageUI: 3e6674d76f4fa32c4443c16ed214fe2da59bb867
  FirebaseTwitterAuthUI: 9fa73687a3b4a0949a819cde3baf7e06f760eb79
  FontAwesomeIconFactory: bb9ce26d3dd13044854a82d380023c8e7d3ebf1a
  GoogleAppUtilities: a8a552aa74f6597f805e45b5a3962766c3134973
  GoogleAuthUtilities: ccad2e0a9284699973ff57c0dd24c3893657fda4
  GoogleInterchangeUtilities: d5bc4d88d5b661ab72f9d70c58d02ca8c27ad1f7
  GoogleNetworkingUtilities: 3edd3a8161347494f2da60ea0deddc8a472d94cb
  GoogleSignIn: 09036ed61f8e75f1424100d63f7719480b2428c3
  GoogleSymbolUtilities: 631ee17048aa5e9ab133470d768ea997a5ef9b96
  GoogleUtilities: 8bbc733218aad26306f9d4a253823986110e3358
  ISO8601DateFormatterValueTransformer: 52da467d6ec899d6aedda8e48280ac92e8ee97e6
  MagicalRecord: 53bed74b4323b930992a725be713e53b37d19755
  Mobile-Buy-SDK: 7413347467dce332d6803a25515e9e3cf38a5126
  OCMock: f3f61e6eaa16038c30caa5798c5e49d3307b6f22
  RestKit: a0244db34e14ed9cf059fcee2be6733cc162c34a
  RKValueTransformers: e5ed67e3811229b616fe01bddeeafe3bb337b1b9
  SDWebImage: 098e97e6176540799c27e804c96653ee0833d13c
  SOCKit: c7376ac262bea9115b8f749358f762522a47d392
  TransitionKit: 9ceccda4cd0cdc0a05ef85eb235e5a3292c3c250
  TwitterCore: 95c46af93112768a7983bd370d66023553601d01
  TwitterKit: dd8042698b0ff5bd3066fa919b3b2b50d8eed829

PODFILE CHECKSUM: 770948989b82aa1f11c18473544505334d2e025e

COCOAPODS: 1.0.1
