// !$*UTF8*$!
{
	archiveVersion = 1;
	classes = {
	};
	objectVersion = 46;
	objects = {

/* Begin PBXBuildFile section */
		BEA893B8DDE02BB0BB457901 /* libPods-DreamShop.a in Frameworks */ = {isa = PBXBuildFile; fileRef = E3072A29BE243E52429EA7EA /* libPods-DreamShop.a */; };
		EB3679A45090F3BD65669554 /* libPods-DreamShopTests.a in Frameworks */ = {isa = PBXBuildFile; fileRef = F6A0802DA1BB63AB62483499 /* libPods-DreamShopTests.a */; };
		F0B9734D1DBAF3350066632C /* main.m in Sources */ = {isa = PBXBuildFile; fileRef = F0B9734C1DBAF3350066632C /* main.m */; };
		F0B973501DBAF3350066632C /* AppDelegate.m in Sources */ = {isa = PBXBuildFile; fileRef = F0B9734F1DBAF3350066632C /* AppDelegate.m */; };
		F0B973561DBAF3350066632C /* Main.storyboard in Resources */ = {isa = PBXBuildFile; fileRef = F0B973541DBAF3350066632C /* Main.storyboard */; };
		F0B973591DBAF3350066632C /* DreamShop.xcdatamodeld in Sources */ = {isa = PBXBuildFile; fileRef = F0B973571DBAF3350066632C /* DreamShop.xcdatamodeld */; };
		F0B9735B1DBAF3350066632C /* Assets.xcassets in Resources */ = {isa = PBXBuildFile; fileRef = F0B9735A1DBAF3350066632C /* Assets.xcassets */; };
		F0B9735E1DBAF3350066632C /* LaunchScreen.storyboard in Resources */ = {isa = PBXBuildFile; fileRef = F0B9735C1DBAF3350066632C /* LaunchScreen.storyboard */; };
		F0B973691DBAF3350066632C /* DreamShopTests.m in Sources */ = {isa = PBXBuildFile; fileRef = F0B973681DBAF3350066632C /* DreamShopTests.m */; };
		F0B973741DBAF4100066632C /* GoogleService-Info.plist in Resources */ = {isa = PBXBuildFile; fileRef = F0B973731DBAF4100066632C /* GoogleService-Info.plist */; };
		F0B973781DBAF6E80066632C /* NewsFeedVC.m in Sources */ = {isa = PBXBuildFile; fileRef = F0B973771DBAF6E80066632C /* NewsFeedVC.m */; };
/* End PBXBuildFile section */

/* Begin PBXContainerItemProxy section */
		F0B973651DBAF3350066632C /* PBXContainerItemProxy */ = {
			isa = PBXContainerItemProxy;
			containerPortal = F0B973401DBAF3340066632C /* Project object */;
			proxyType = 1;
			remoteGlobalIDString = F0B973471DBAF3340066632C;
			remoteInfo = DreamShop;
		};
/* End PBXContainerItemProxy section */

/* Begin PBXFileReference section */
		7074704A4654C89BD63E028A /* Pods-DreamShop.debug.xcconfig */ = {isa = PBXFileReference; includeInIndex = 1; lastKnownFileType = text.xcconfig; name = "Pods-DreamShop.debug.xcconfig"; path = "Pods/Target Support Files/Pods-DreamShop/Pods-DreamShop.debug.xcconfig"; sourceTree = "<group>"; };
		A4067BFC4C6F9D4F63DFE4AB /* Pods-DreamShop.release.xcconfig */ = {isa = PBXFileReference; includeInIndex = 1; lastKnownFileType = text.xcconfig; name = "Pods-DreamShop.release.xcconfig"; path = "Pods/Target Support Files/Pods-DreamShop/Pods-DreamShop.release.xcconfig"; sourceTree = "<group>"; };
		A53131AE7606A8E12D6ABDFE /* Pods-DreamShopTests.debug.xcconfig */ = {isa = PBXFileReference; includeInIndex = 1; lastKnownFileType = text.xcconfig; name = "Pods-DreamShopTests.debug.xcconfig"; path = "Pods/Target Support Files/Pods-DreamShopTests/Pods-DreamShopTests.debug.xcconfig"; sourceTree = "<group>"; };
		CCAB73135B666A38BD52DE42 /* Pods-DreamShopTests.release.xcconfig */ = {isa = PBXFileReference; includeInIndex = 1; lastKnownFileType = text.xcconfig; name = "Pods-DreamShopTests.release.xcconfig"; path = "Pods/Target Support Files/Pods-DreamShopTests/Pods-DreamShopTests.release.xcconfig"; sourceTree = "<group>"; };
		E3072A29BE243E52429EA7EA /* libPods-DreamShop.a */ = {isa = PBXFileReference; explicitFileType = archive.ar; includeInIndex = 0; path = "libPods-DreamShop.a"; sourceTree = BUILT_PRODUCTS_DIR; };
		F0B973481DBAF3350066632C /* DreamShop.app */ = {isa = PBXFileReference; explicitFileType = wrapper.application; includeInIndex = 0; path = DreamShop.app; sourceTree = BUILT_PRODUCTS_DIR; };
		F0B9734C1DBAF3350066632C /* main.m */ = {isa = PBXFileReference; lastKnownFileType = sourcecode.c.objc; path = main.m; sourceTree = "<group>"; };
		F0B9734E1DBAF3350066632C /* AppDelegate.h */ = {isa = PBXFileReference; lastKnownFileType = sourcecode.c.h; path = AppDelegate.h; sourceTree = "<group>"; };
		F0B9734F1DBAF3350066632C /* AppDelegate.m */ = {isa = PBXFileReference; lastKnownFileType = sourcecode.c.objc; path = AppDelegate.m; sourceTree = "<group>"; };
		F0B973551DBAF3350066632C /* Base */ = {isa = PBXFileReference; lastKnownFileType = file.storyboard; name = Base; path = Base.lproj/Main.storyboard; sourceTree = "<group>"; };
		F0B973581DBAF3350066632C /* DreamShop.xcdatamodel */ = {isa = PBXFileReference; lastKnownFileType = wrapper.xcdatamodel; path = DreamShop.xcdatamodel; sourceTree = "<group>"; };
		F0B9735A1DBAF3350066632C /* Assets.xcassets */ = {isa = PBXFileReference; lastKnownFileType = folder.assetcatalog; path = Assets.xcassets; sourceTree = "<group>"; };
		F0B9735D1DBAF3350066632C /* Base */ = {isa = PBXFileReference; lastKnownFileType = file.storyboard; name = Base; path = Base.lproj/LaunchScreen.storyboard; sourceTree = "<group>"; };
		F0B9735F1DBAF3350066632C /* Info.plist */ = {isa = PBXFileReference; lastKnownFileType = text.plist.xml; path = Info.plist; sourceTree = "<group>"; };
		F0B973641DBAF3350066632C /* DreamShopTests.xctest */ = {isa = PBXFileReference; explicitFileType = wrapper.cfbundle; includeInIndex = 0; path = DreamShopTests.xctest; sourceTree = BUILT_PRODUCTS_DIR; };
		F0B973681DBAF3350066632C /* DreamShopTests.m */ = {isa = PBXFileReference; lastKnownFileType = sourcecode.c.objc; path = DreamShopTests.m; sourceTree = "<group>"; };
		F0B9736A1DBAF3350066632C /* Info.plist */ = {isa = PBXFileReference; lastKnownFileType = text.plist.xml; path = Info.plist; sourceTree = "<group>"; };
		F0B973731DBAF4100066632C /* GoogleService-Info.plist */ = {isa = PBXFileReference; fileEncoding = 4; lastKnownFileType = text.plist.xml; path = "GoogleService-Info.plist"; sourceTree = "<group>"; };
		F0B973761DBAF6E80066632C /* NewsFeedVC.h */ = {isa = PBXFileReference; fileEncoding = 4; lastKnownFileType = sourcecode.c.h; path = NewsFeedVC.h; sourceTree = "<group>"; };
		F0B973771DBAF6E80066632C /* NewsFeedVC.m */ = {isa = PBXFileReference; fileEncoding = 4; lastKnownFileType = sourcecode.c.objc; path = NewsFeedVC.m; sourceTree = "<group>"; };
		F6A0802DA1BB63AB62483499 /* libPods-DreamShopTests.a */ = {isa = PBXFileReference; explicitFileType = archive.ar; includeInIndex = 0; path = "libPods-DreamShopTests.a"; sourceTree = BUILT_PRODUCTS_DIR; };
/* End PBXFileReference section */

/* Begin PBXFrameworksBuildPhase section */
		F0B973451DBAF3340066632C /* Frameworks */ = {
			isa = PBXFrameworksBuildPhase;
			buildActionMask = 2147483647;
			files = (
				BEA893B8DDE02BB0BB457901 /* libPods-DreamShop.a in Frameworks */,
			);
			runOnlyForDeploymentPostprocessing = 0;
		};
		F0B973611DBAF3350066632C /* Frameworks */ = {
			isa = PBXFrameworksBuildPhase;
			buildActionMask = 2147483647;
			files = (
				EB3679A45090F3BD65669554 /* libPods-DreamShopTests.a in Frameworks */,
			);
			runOnlyForDeploymentPostprocessing = 0;
		};
/* End PBXFrameworksBuildPhase section */

/* Begin PBXGroup section */
		5294C3DE366121DB861AD68C /* Frameworks */ = {
			isa = PBXGroup;
			children = (
				E3072A29BE243E52429EA7EA /* libPods-DreamShop.a */,
				F6A0802DA1BB63AB62483499 /* libPods-DreamShopTests.a */,
			);
			name = Frameworks;
			sourceTree = "<group>";
		};
		B6DAF523DFC2D9D3F88237C7 /* Pods */ = {
			isa = PBXGroup;
			children = (
				7074704A4654C89BD63E028A /* Pods-DreamShop.debug.xcconfig */,
				A4067BFC4C6F9D4F63DFE4AB /* Pods-DreamShop.release.xcconfig */,
				A53131AE7606A8E12D6ABDFE /* Pods-DreamShopTests.debug.xcconfig */,
				CCAB73135B666A38BD52DE42 /* Pods-DreamShopTests.release.xcconfig */,
			);
			name = Pods;
			sourceTree = "<group>";
		};
		F0B9733F1DBAF3340066632C = {
			isa = PBXGroup;
			children = (
				F0B9734A1DBAF3350066632C /* DreamShop */,
				F0B973671DBAF3350066632C /* DreamShopTests */,
				F0B973491DBAF3350066632C /* Products */,
				B6DAF523DFC2D9D3F88237C7 /* Pods */,
				5294C3DE366121DB861AD68C /* Frameworks */,
			);
			sourceTree = "<group>";
		};
		F0B973491DBAF3350066632C /* Products */ = {
			isa = PBXGroup;
			children = (
				F0B973481DBAF3350066632C /* DreamShop.app */,
				F0B973641DBAF3350066632C /* DreamShopTests.xctest */,
			);
			name = Products;
			sourceTree = "<group>";
		};
		F0B9734A1DBAF3350066632C /* DreamShop */ = {
			isa = PBXGroup;
			children = (
				F0B973751DBAF6C10066632C /* View */,
				F0B9734E1DBAF3350066632C /* AppDelegate.h */,
				F0B9734F1DBAF3350066632C /* AppDelegate.m */,
				F0B973541DBAF3350066632C /* Main.storyboard */,
				F0B9735A1DBAF3350066632C /* Assets.xcassets */,
				F0B9735C1DBAF3350066632C /* LaunchScreen.storyboard */,
				F0B9735F1DBAF3350066632C /* Info.plist */,
				F0B973731DBAF4100066632C /* GoogleService-Info.plist */,
				F0B973571DBAF3350066632C /* DreamShop.xcdatamodeld */,
				F0B9734B1DBAF3350066632C /* Supporting Files */,
			);
			path = DreamShop;
			sourceTree = "<group>";
		};
		F0B9734B1DBAF3350066632C /* Supporting Files */ = {
			isa = PBXGroup;
			children = (
				F0B9734C1DBAF3350066632C /* main.m */,
			);
			name = "Supporting Files";
			sourceTree = "<group>";
		};
		F0B973671DBAF3350066632C /* DreamShopTests */ = {
			isa = PBXGroup;
			children = (
				F0B973681DBAF3350066632C /* DreamShopTests.m */,
				F0B9736A1DBAF3350066632C /* Info.plist */,
			);
			path = DreamShopTests;
			sourceTree = "<group>";
		};
		F0B973751DBAF6C10066632C /* View */ = {
			isa = PBXGroup;
			children = (
				F0B973761DBAF6E80066632C /* NewsFeedVC.h */,
				F0B973771DBAF6E80066632C /* NewsFeedVC.m */,
			);
			path = View;
			sourceTree = "<group>";
		};
/* End PBXGroup section */

/* Begin PBXNativeTarget section */
		F0B973471DBAF3340066632C /* DreamShop */ = {
			isa = PBXNativeTarget;
			buildConfigurationList = F0B9736D1DBAF3350066632C /* Build configuration list for PBXNativeTarget "DreamShop" */;
			buildPhases = (
				FFB1BF7F38DFF8AC16D4D380 /* [CP] Check Pods Manifest.lock */,
				F0B973441DBAF3340066632C /* Sources */,
				F0B973451DBAF3340066632C /* Frameworks */,
				F0B973461DBAF3340066632C /* Resources */,
				F05019835B631A6A00FA70E5 /* [CP] Embed Pods Frameworks */,
				ECF65EAD6562CAB94B70A464 /* [CP] Copy Pods Resources */,
			);
			buildRules = (
			);
			dependencies = (
			);
			name = DreamShop;
			productName = DreamShop;
			productReference = F0B973481DBAF3350066632C /* DreamShop.app */;
			productType = "com.apple.product-type.application";
		};
		F0B973631DBAF3350066632C /* DreamShopTests */ = {
			isa = PBXNativeTarget;
			buildConfigurationList = F0B973701DBAF3350066632C /* Build configuration list for PBXNativeTarget "DreamShopTests" */;
			buildPhases = (
				8A06A95CB35E55E6EC0735DA /* [CP] Check Pods Manifest.lock */,
				F0B973601DBAF3350066632C /* Sources */,
				F0B973611DBAF3350066632C /* Frameworks */,
				F0B973621DBAF3350066632C /* Resources */,
				9E8273F0074A7B693E3E6798 /* [CP] Embed Pods Frameworks */,
				27AD5BC6ABCDA2289DDE4AD7 /* [CP] Copy Pods Resources */,
			);
			buildRules = (
			);
			dependencies = (
				F0B973661DBAF3350066632C /* PBXTargetDependency */,
			);
			name = DreamShopTests;
			productName = DreamShopTests;
			productReference = F0B973641DBAF3350066632C /* DreamShopTests.xctest */;
			productType = "com.apple.product-type.bundle.unit-test";
		};
/* End PBXNativeTarget section */

/* Begin PBXProject section */
		F0B973401DBAF3340066632C /* Project object */ = {
			isa = PBXProject;
			attributes = {
				LastUpgradeCheck = 0800;
				ORGANIZATIONNAME = "Cassiano Monteiro";
				TargetAttributes = {
					F0B973471DBAF3340066632C = {
						CreatedOnToolsVersion = 8.0;
						DevelopmentTeam = 5S284KMJJS;
						ProvisioningStyle = Automatic;
					};
					F0B973631DBAF3350066632C = {
						CreatedOnToolsVersion = 8.0;
						DevelopmentTeam = 5S284KMJJS;
						ProvisioningStyle = Automatic;
						TestTargetID = F0B973471DBAF3340066632C;
					};
				};
			};
			buildConfigurationList = F0B973431DBAF3340066632C /* Build configuration list for PBXProject "DreamShop" */;
			compatibilityVersion = "Xcode 3.2";
			developmentRegion = English;
			hasScannedForEncodings = 0;
			knownRegions = (
				en,
				Base,
			);
			mainGroup = F0B9733F1DBAF3340066632C;
			productRefGroup = F0B973491DBAF3350066632C /* Products */;
			projectDirPath = "";
			projectRoot = "";
			targets = (
				F0B973471DBAF3340066632C /* DreamShop */,
				F0B973631DBAF3350066632C /* DreamShopTests */,
			);
		};
/* End PBXProject section */

/* Begin PBXResourcesBuildPhase section */
		F0B973461DBAF3340066632C /* Resources */ = {
			isa = PBXResourcesBuildPhase;
			buildActionMask = 2147483647;
			files = (
				F0B9735E1DBAF3350066632C /* LaunchScreen.storyboard in Resources */,
				F0B973741DBAF4100066632C /* GoogleService-Info.plist in Resources */,
				F0B9735B1DBAF3350066632C /* Assets.xcassets in Resources */,
				F0B973561DBAF3350066632C /* Main.storyboard in Resources */,
			);
			runOnlyForDeploymentPostprocessing = 0;
		};
		F0B973621DBAF3350066632C /* Resources */ = {
			isa = PBXResourcesBuildPhase;
			buildActionMask = 2147483647;
			files = (
			);
			runOnlyForDeploymentPostprocessing = 0;
		};
/* End PBXResourcesBuildPhase section */

/* Begin PBXShellScriptBuildPhase section */
		27AD5BC6ABCDA2289DDE4AD7 /* [CP] Copy Pods Resources */ = {
			isa = PBXShellScriptBuildPhase;
			buildActionMask = 2147483647;
			files = (
			);
			inputPaths = (
			);
			name = "[CP] Copy Pods Resources";
			outputPaths = (
			);
			runOnlyForDeploymentPostprocessing = 0;
			shellPath = /bin/sh;
			shellScript = "\"${SRCROOT}/Pods/Target Support Files/Pods-DreamShopTests/Pods-DreamShopTests-resources.sh\"\n";
			showEnvVarsInLog = 0;
		};
		8A06A95CB35E55E6EC0735DA /* [CP] Check Pods Manifest.lock */ = {
			isa = PBXShellScriptBuildPhase;
			buildActionMask = 2147483647;
			files = (
			);
			inputPaths = (
			);
			name = "[CP] Check Pods Manifest.lock";
			outputPaths = (
			);
			runOnlyForDeploymentPostprocessing = 0;
			shellPath = /bin/sh;
			shellScript = "diff \"${PODS_ROOT}/../Podfile.lock\" \"${PODS_ROOT}/Manifest.lock\" > /dev/null\nif [[ $? != 0 ]] ; then\n    cat << EOM\nerror: The sandbox is not in sync with the Podfile.lock. Run 'pod install' or update your CocoaPods installation.\nEOM\n    exit 1\nfi\n";
			showEnvVarsInLog = 0;
		};
		9E8273F0074A7B693E3E6798 /* [CP] Embed Pods Frameworks */ = {
			isa = PBXShellScriptBuildPhase;
			buildActionMask = 2147483647;
			files = (
			);
			inputPaths = (
			);
			name = "[CP] Embed Pods Frameworks";
			outputPaths = (
			);
			runOnlyForDeploymentPostprocessing = 0;
			shellPath = /bin/sh;
			shellScript = "\"${SRCROOT}/Pods/Target Support Files/Pods-DreamShopTests/Pods-DreamShopTests-frameworks.sh\"\n";
			showEnvVarsInLog = 0;
		};
		ECF65EAD6562CAB94B70A464 /* [CP] Copy Pods Resources */ = {
			isa = PBXShellScriptBuildPhase;
			buildActionMask = 2147483647;
			files = (
			);
			inputPaths = (
			);
			name = "[CP] Copy Pods Resources";
			outputPaths = (
			);
			runOnlyForDeploymentPostprocessing = 0;
			shellPath = /bin/sh;
			shellScript = "\"${SRCROOT}/Pods/Target Support Files/Pods-DreamShop/Pods-DreamShop-resources.sh\"\n";
			showEnvVarsInLog = 0;
		};
		F05019835B631A6A00FA70E5 /* [CP] Embed Pods Frameworks */ = {
			isa = PBXShellScriptBuildPhase;
			buildActionMask = 2147483647;
			files = (
			);
			inputPaths = (
			);
			name = "[CP] Embed Pods Frameworks";
			outputPaths = (
			);
			runOnlyForDeploymentPostprocessing = 0;
			shellPath = /bin/sh;
			shellScript = "\"${SRCROOT}/Pods/Target Support Files/Pods-DreamShop/Pods-DreamShop-frameworks.sh\"\n";
			showEnvVarsInLog = 0;
		};
		FFB1BF7F38DFF8AC16D4D380 /* [CP] Check Pods Manifest.lock */ = {
			isa = PBXShellScriptBuildPhase;
			buildActionMask = 2147483647;
			files = (
			);
			inputPaths = (
			);
			name = "[CP] Check Pods Manifest.lock";
			outputPaths = (
			);
			runOnlyForDeploymentPostprocessing = 0;
			shellPath = /bin/sh;
			shellScript = "diff \"${PODS_ROOT}/../Podfile.lock\" \"${PODS_ROOT}/Manifest.lock\" > /dev/null\nif [[ $? != 0 ]] ; then\n    cat << EOM\nerror: The sandbox is not in sync with the Podfile.lock. Run 'pod install' or update your CocoaPods installation.\nEOM\n    exit 1\nfi\n";
			showEnvVarsInLog = 0;
		};
/* End PBXShellScriptBuildPhase section */

/* Begin PBXSourcesBuildPhase section */
		F0B973441DBAF3340066632C /* Sources */ = {
			isa = PBXSourcesBuildPhase;
			buildActionMask = 2147483647;
			files = (
				F0B973591DBAF3350066632C /* DreamShop.xcdatamodeld in Sources */,
				F0B973501DBAF3350066632C /* AppDelegate.m in Sources */,
				F0B973781DBAF6E80066632C /* NewsFeedVC.m in Sources */,
				F0B9734D1DBAF3350066632C /* main.m in Sources */,
			);
			runOnlyForDeploymentPostprocessing = 0;
		};
		F0B973601DBAF3350066632C /* Sources */ = {
			isa = PBXSourcesBuildPhase;
			buildActionMask = 2147483647;
			files = (
				F0B973691DBAF3350066632C /* DreamShopTests.m in Sources */,
			);
			runOnlyForDeploymentPostprocessing = 0;
		};
/* End PBXSourcesBuildPhase section */

/* Begin PBXTargetDependency section */
		F0B973661DBAF3350066632C /* PBXTargetDependency */ = {
			isa = PBXTargetDependency;
			target = F0B973471DBAF3340066632C /* DreamShop */;
			targetProxy = F0B973651DBAF3350066632C /* PBXContainerItemProxy */;
		};
/* End PBXTargetDependency section */

/* Begin PBXVariantGroup section */
		F0B973541DBAF3350066632C /* Main.storyboard */ = {
			isa = PBXVariantGroup;
			children = (
				F0B973551DBAF3350066632C /* Base */,
			);
			name = Main.storyboard;
			sourceTree = "<group>";
		};
		F0B9735C1DBAF3350066632C /* LaunchScreen.storyboard */ = {
			isa = PBXVariantGroup;
			children = (
				F0B9735D1DBAF3350066632C /* Base */,
			);
			name = LaunchScreen.storyboard;
			sourceTree = "<group>";
		};
/* End PBXVariantGroup section */

/* Begin XCBuildConfiguration section */
		F0B9736B1DBAF3350066632C /* Debug */ = {
			isa = XCBuildConfiguration;
			buildSettings = {
				ALWAYS_SEARCH_USER_PATHS = NO;
				CLANG_ANALYZER_NONNULL = YES;
				CLANG_CXX_LANGUAGE_STANDARD = "gnu++0x";
				CLANG_CXX_LIBRARY = "libc++";
				CLANG_ENABLE_MODULES = YES;
				CLANG_ENABLE_OBJC_ARC = YES;
				CLANG_WARN_BOOL_CONVERSION = YES;
				CLANG_WARN_CONSTANT_CONVERSION = YES;
				CLANG_WARN_DIRECT_OBJC_ISA_USAGE = YES_ERROR;
				CLANG_WARN_DOCUMENTATION_COMMENTS = YES;
				CLANG_WARN_EMPTY_BODY = YES;
				CLANG_WARN_ENUM_CONVERSION = YES;
				CLANG_WARN_INFINITE_RECURSION = YES;
				CLANG_WARN_INT_CONVERSION = YES;
				CLANG_WARN_OBJC_ROOT_CLASS = YES_ERROR;
				CLANG_WARN_SUSPICIOUS_MOVES = YES;
				CLANG_WARN_UNREACHABLE_CODE = YES;
				CLANG_WARN__DUPLICATE_METHOD_MATCH = YES;
				"CODE_SIGN_IDENTITY[sdk=iphoneos*]" = "iPhone Developer";
				COPY_PHASE_STRIP = NO;
				DEBUG_INFORMATION_FORMAT = dwarf;
				ENABLE_STRICT_OBJC_MSGSEND = YES;
				ENABLE_TESTABILITY = YES;
				GCC_C_LANGUAGE_STANDARD = gnu99;
				GCC_DYNAMIC_NO_PIC = NO;
				GCC_NO_COMMON_BLOCKS = YES;
				GCC_OPTIMIZATION_LEVEL = 0;
				GCC_PREPROCESSOR_DEFINITIONS = (
					"DEBUG=1",
					"$(inherited)",
				);
				GCC_WARN_64_TO_32_BIT_CONVERSION = YES;
				GCC_WARN_ABOUT_RETURN_TYPE = YES_ERROR;
				GCC_WARN_UNDECLARED_SELECTOR = YES;
				GCC_WARN_UNINITIALIZED_AUTOS = YES_AGGRESSIVE;
				GCC_WARN_UNUSED_FUNCTION = YES;
				GCC_WARN_UNUSED_VARIABLE = YES;
				IPHONEOS_DEPLOYMENT_TARGET = 10.0;
				MTL_ENABLE_DEBUG_INFO = YES;
				ONLY_ACTIVE_ARCH = YES;
				SDKROOT = iphoneos;
				TARGETED_DEVICE_FAMILY = "1,2";
			};
			name = Debug;
		};
		F0B9736C1DBAF3350066632C /* Release */ = {
			isa = XCBuildConfiguration;
			buildSettings = {
				ALWAYS_SEARCH_USER_PATHS = NO;
				CLANG_ANALYZER_NONNULL = YES;
				CLANG_CXX_LANGUAGE_STANDARD = "gnu++0x";
				CLANG_CXX_LIBRARY = "libc++";
				CLANG_ENABLE_MODULES = YES;
				CLANG_ENABLE_OBJC_ARC = YES;
				CLANG_WARN_BOOL_CONVERSION = YES;
				CLANG_WARN_CONSTANT_CONVERSION = YES;
				CLANG_WARN_DIRECT_OBJC_ISA_USAGE = YES_ERROR;
				CLANG_WARN_DOCUMENTATION_COMMENTS = YES;
				CLANG_WARN_EMPTY_BODY = YES;
				CLANG_WARN_ENUM_CONVERSION = YES;
				CLANG_WARN_INFINITE_RECURSION = YES;
				CLANG_WARN_INT_CONVERSION = YES;
				CLANG_WARN_OBJC_ROOT_CLASS = YES_ERROR;
				CLANG_WARN_SUSPICIOUS_MOVES = YES;
				CLANG_WARN_UNREACHABLE_CODE = YES;
				CLANG_WARN__DUPLICATE_METHOD_MATCH = YES;
				"CODE_SIGN_IDENTITY[sdk=iphoneos*]" = "iPhone Developer";
				COPY_PHASE_STRIP = NO;
				DEBUG_INFORMATION_FORMAT = "dwarf-with-dsym";
				ENABLE_NS_ASSERTIONS = NO;
				ENABLE_STRICT_OBJC_MSGSEND = YES;
				GCC_C_LANGUAGE_STANDARD = gnu99;
				GCC_NO_COMMON_BLOCKS = YES;
				GCC_WARN_64_TO_32_BIT_CONVERSION = YES;
				GCC_WARN_ABOUT_RETURN_TYPE = YES_ERROR;
				GCC_WARN_UNDECLARED_SELECTOR = YES;
				GCC_WARN_UNINITIALIZED_AUTOS = YES_AGGRESSIVE;
				GCC_WARN_UNUSED_FUNCTION = YES;
				GCC_WARN_UNUSED_VARIABLE = YES;
				IPHONEOS_DEPLOYMENT_TARGET = 10.0;
				MTL_ENABLE_DEBUG_INFO = NO;
				SDKROOT = iphoneos;
				TARGETED_DEVICE_FAMILY = "1,2";
				VALIDATE_PRODUCT = YES;
			};
			name = Release;
		};
		F0B9736E1DBAF3350066632C /* Debug */ = {
			isa = XCBuildConfiguration;
			baseConfigurationReference = 7074704A4654C89BD63E028A /* Pods-DreamShop.debug.xcconfig */;
			buildSettings = {
				ASSETCATALOG_COMPILER_APPICON_NAME = AppIcon;
				DEVELOPMENT_TEAM = 5S284KMJJS;
				FRAMEWORK_SEARCH_PATHS = (
					"$(inherited)",
					"\"${PODS_ROOT}/Fabric/iOS\"",
					"\"${PODS_ROOT}/FirebaseAnalytics/Frameworks/frameworks\"",
					"\"${PODS_ROOT}/FirebaseAuth/Frameworks/frameworks\"",
					"\"${PODS_ROOT}/FirebaseCore/Frameworks/frameworks\"",
					"\"${PODS_ROOT}/FirebaseCrash/Frameworks/frameworks\"",
					"\"${PODS_ROOT}/FirebaseInstanceID/Frameworks/frameworks\"",
					"\"${PODS_ROOT}/FirebaseUI/FirebaseUIFrameworks/FirebaseAuthUI/Frameworks\"",
					"\"${PODS_ROOT}/FirebaseUI/FirebaseUIFrameworks/FirebaseFacebookAuthUI/Frameworks\"",
					"\"${PODS_ROOT}/FirebaseUI/FirebaseUIFrameworks/FirebaseGoogleAuthUI/Frameworks\"",
					"\"${PODS_ROOT}/FirebaseUI/FirebaseUIFrameworks/FirebaseTwitterAuthUI/Frameworks\"",
					"\"${PODS_ROOT}/GoogleAppUtilities/Frameworks/frameworks\"",
					"\"${PODS_ROOT}/GoogleAuthUtilities/Frameworks/frameworks\"",
					"\"${PODS_ROOT}/GoogleInterchangeUtilities/Frameworks/frameworks\"",
					"\"${PODS_ROOT}/GoogleNetworkingUtilities/Frameworks/frameworks\"",
					"\"${PODS_ROOT}/GoogleSignIn/Frameworks\"",
					"\"${PODS_ROOT}/GoogleSymbolUtilities/Frameworks/frameworks\"",
					"\"${PODS_ROOT}/GoogleUtilities/Frameworks/frameworks\"",
					"\"${PODS_ROOT}/TwitterCore/iOS\"",
					"\"${PODS_ROOT}/TwitterKit/iOS\"",
				);
				INFOPLIST_FILE = DreamShop/Info.plist;
				LD_RUNPATH_SEARCH_PATHS = "$(inherited) @executable_path/Frameworks";
				PRODUCT_BUNDLE_IDENTIFIER = com.github.cassianomonteiro.DreamShop;
				PRODUCT_NAME = "$(TARGET_NAME)";
			};
			name = Debug;
		};
		F0B9736F1DBAF3350066632C /* Release */ = {
			isa = XCBuildConfiguration;
			baseConfigurationReference = A4067BFC4C6F9D4F63DFE4AB /* Pods-DreamShop.release.xcconfig */;
			buildSettings = {
				ASSETCATALOG_COMPILER_APPICON_NAME = AppIcon;
				DEVELOPMENT_TEAM = 5S284KMJJS;
				FRAMEWORK_SEARCH_PATHS = (
					"$(inherited)",
					"\"${PODS_ROOT}/Fabric/iOS\"",
					"\"${PODS_ROOT}/FirebaseAnalytics/Frameworks/frameworks\"",
					"\"${PODS_ROOT}/FirebaseAuth/Frameworks/frameworks\"",
					"\"${PODS_ROOT}/FirebaseCore/Frameworks/frameworks\"",
					"\"${PODS_ROOT}/FirebaseCrash/Frameworks/frameworks\"",
					"\"${PODS_ROOT}/FirebaseInstanceID/Frameworks/frameworks\"",
					"\"${PODS_ROOT}/FirebaseUI/FirebaseUIFrameworks/FirebaseAuthUI/Frameworks\"",
					"\"${PODS_ROOT}/FirebaseUI/FirebaseUIFrameworks/FirebaseFacebookAuthUI/Frameworks\"",
					"\"${PODS_ROOT}/FirebaseUI/FirebaseUIFrameworks/FirebaseGoogleAuthUI/Frameworks\"",
					"\"${PODS_ROOT}/FirebaseUI/FirebaseUIFrameworks/FirebaseTwitterAuthUI/Frameworks\"",
					"\"${PODS_ROOT}/GoogleAppUtilities/Frameworks/frameworks\"",
					"\"${PODS_ROOT}/GoogleAuthUtilities/Frameworks/frameworks\"",
					"\"${PODS_ROOT}/GoogleInterchangeUtilities/Frameworks/frameworks\"",
					"\"${PODS_ROOT}/GoogleNetworkingUtilities/Frameworks/frameworks\"",
					"\"${PODS_ROOT}/GoogleSignIn/Frameworks\"",
					"\"${PODS_ROOT}/GoogleSymbolUtilities/Frameworks/frameworks\"",
					"\"${PODS_ROOT}/GoogleUtilities/Frameworks/frameworks\"",
					"\"${PODS_ROOT}/TwitterCore/iOS\"",
					"\"${PODS_ROOT}/TwitterKit/iOS\"",
				);
				INFOPLIST_FILE = DreamShop/Info.plist;
				LD_RUNPATH_SEARCH_PATHS = "$(inherited) @executable_path/Frameworks";
				PRODUCT_BUNDLE_IDENTIFIER = com.github.cassianomonteiro.DreamShop;
				PRODUCT_NAME = "$(TARGET_NAME)";
			};
			name = Release;
		};
		F0B973711DBAF3350066632C /* Debug */ = {
			isa = XCBuildConfiguration;
			baseConfigurationReference = A53131AE7606A8E12D6ABDFE /* Pods-DreamShopTests.debug.xcconfig */;
			buildSettings = {
				BUNDLE_LOADER = "$(TEST_HOST)";
				DEVELOPMENT_TEAM = 5S284KMJJS;
				INFOPLIST_FILE = DreamShopTests/Info.plist;
				LD_RUNPATH_SEARCH_PATHS = "$(inherited) @executable_path/Frameworks @loader_path/Frameworks";
				PRODUCT_BUNDLE_IDENTIFIER = com.github.cassianomonteiro.DreamShopTests;
				PRODUCT_NAME = "$(TARGET_NAME)";
				TEST_HOST = "$(BUILT_PRODUCTS_DIR)/DreamShop.app/DreamShop";
			};
			name = Debug;
		};
		F0B973721DBAF3350066632C /* Release */ = {
			isa = XCBuildConfiguration;
			baseConfigurationReference = CCAB73135B666A38BD52DE42 /* Pods-DreamShopTests.release.xcconfig */;
			buildSettings = {
				BUNDLE_LOADER = "$(TEST_HOST)";
				DEVELOPMENT_TEAM = 5S284KMJJS;
				INFOPLIST_FILE = DreamShopTests/Info.plist;
				LD_RUNPATH_SEARCH_PATHS = "$(inherited) @executable_path/Frameworks @loader_path/Frameworks";
				PRODUCT_BUNDLE_IDENTIFIER = com.github.cassianomonteiro.DreamShopTests;
				PRODUCT_NAME = "$(TARGET_NAME)";
				TEST_HOST = "$(BUILT_PRODUCTS_DIR)/DreamShop.app/DreamShop";
			};
			name = Release;
		};
/* End XCBuildConfiguration section */

/* Begin XCConfigurationList section */
		F0B973431DBAF3340066632C /* Build configuration list for PBXProject "DreamShop" */ = {
			isa = XCConfigurationList;
			buildConfigurations = (
				F0B9736B1DBAF3350066632C /* Debug */,
				F0B9736C1DBAF3350066632C /* Release */,
			);
			defaultConfigurationIsVisible = 0;
			defaultConfigurationName = Release;
		};
		F0B9736D1DBAF3350066632C /* Build configuration list for PBXNativeTarget "DreamShop" */ = {
			isa = XCConfigurationList;
			buildConfigurations = (
				F0B9736E1DBAF3350066632C /* Debug */,
				F0B9736F1DBAF3350066632C /* Release */,
			);
			defaultConfigurationIsVisible = 0;
			defaultConfigurationName = Release;
		};
		F0B973701DBAF3350066632C /* Build configuration list for PBXNativeTarget "DreamShopTests" */ = {
			isa = XCConfigurationList;
			buildConfigurations = (
				F0B973711DBAF3350066632C /* Debug */,
				F0B973721DBAF3350066632C /* Release */,
			);
			defaultConfigurationIsVisible = 0;
			defaultConfigurationName = Release;
		};
/* End XCConfigurationList section */

/* Begin XCVersionGroup section */
		F0B973571DBAF3350066632C /* DreamShop.xcdatamodeld */ = {
			isa = XCVersionGroup;
			children = (
				F0B973581DBAF3350066632C /* DreamShop.xcdatamodel */,
			);
			currentVersion = F0B973581DBAF3350066632C /* DreamShop.xcdatamodel */;
			path = DreamShop.xcdatamodeld;
			sourceTree = "<group>";
			versionGroupType = wrapper.xcdatamodel;
		};
/* End XCVersionGroup section */
	};
	rootObject = F0B973401DBAF3340066632C /* Project object */;
}
