// !$*UTF8*$!
{
	archiveVersion = 1;
	classes = {
	};
	objectVersion = 46;
	objects = {

/* Begin PBXBuildFile section */
		BEA893B8DDE02BB0BB457901 /* libPods-DreamShop.a in Frameworks */ = {isa = PBXBuildFile; fileRef = E3072A29BE243E52429EA7EA /* libPods-DreamShop.a */; };
		EB3679A45090F3BD65669554 /* libPods-DreamShopTests.a in Frameworks */ = {isa = PBXBuildFile; fileRef = F6A0802DA1BB63AB62483499 /* libPods-DreamShopTests.a */; };
		F0B9734D1DBAF3350066632C /* main.m in Sources */ = {isa = PBXBuildFile; fileRef = F0B9734C1DBAF3350066632C /* main.m */; };
		F0B973501DBAF3350066632C /* AppDelegate.m in Sources */ = {isa = PBXBuildFile; fileRef = F0B9734F1DBAF3350066632C /* AppDelegate.m */; };
		F0B973561DBAF3350066632C /* Main.storyboard in Resources */ = {isa = PBXBuildFile; fileRef = F0B973541DBAF3350066632C /* Main.storyboard */; };
		F0B973591DBAF3350066632C /* DreamShop.xcdatamodeld in Sources */ = {isa = PBXBuildFile; fileRef = F0B973571DBAF3350066632C /* DreamShop.xcdatamodeld */; };
		F0B9735B1DBAF3350066632C /* Assets.xcassets in Resources */ = {isa = PBXBuildFile; fileRef = F0B9735A1DBAF3350066632C /* Assets.xcassets */; };
		F0B973741DBAF4100066632C /* GoogleService-Info.plist in Resources */ = {isa = PBXBuildFile; fileRef = F0B973731DBAF4100066632C /* GoogleService-Info.plist */; };
		F0B973781DBAF6E80066632C /* NewsFeedVC.m in Sources */ = {isa = PBXBuildFile; fileRef = F0B973771DBAF6E80066632C /* NewsFeedVC.m */; };
		F0B9737B1DBB125B0066632C /* AlertControllerFactory.m in Sources */ = {isa = PBXBuildFile; fileRef = F0B9737A1DBB125B0066632C /* AlertControllerFactory.m */; };
		F0B973831DBB197C0066632C /* UIImage+Alpha.m in Sources */ = {isa = PBXBuildFile; fileRef = F0B9737E1DBB197C0066632C /* UIImage+Alpha.m */; };
		F0B973841DBB197C0066632C /* UIImage+Resize.m in Sources */ = {isa = PBXBuildFile; fileRef = F0B973801DBB197C0066632C /* UIImage+Resize.m */; };
		F0B973851DBB197C0066632C /* UIImage+RoundedCorner.m in Sources */ = {isa = PBXBuildFile; fileRef = F0B973821DBB197C0066632C /* UIImage+RoundedCorner.m */; };
		F0B973881DBB87380066632C /* SearchProductsVC.m in Sources */ = {isa = PBXBuildFile; fileRef = F0B973871DBB87380066632C /* SearchProductsVC.m */; };
		F0B973CA1DBB95C70066632C /* ActionableFooterView.m in Sources */ = {isa = PBXBuildFile; fileRef = F0B9738E1DBB95C70066632C /* ActionableFooterView.m */; };
		F0B973CB1DBB95C70066632C /* ActionableFooterView.xib in Resources */ = {isa = PBXBuildFile; fileRef = F0B9738F1DBB95C70066632C /* ActionableFooterView.xib */; };
		F0B973CC1DBB95C70066632C /* AsyncImageView.m in Sources */ = {isa = PBXBuildFile; fileRef = F0B973911DBB95C70066632C /* AsyncImageView.m */; };
		F0B973CD1DBB95C70066632C /* CheckoutButton.m in Sources */ = {isa = PBXBuildFile; fileRef = F0B973931DBB95C70066632C /* CheckoutButton.m */; };
		F0B973CE1DBB95C70066632C /* DisclosureIndicatorView.m in Sources */ = {isa = PBXBuildFile; fileRef = F0B973951DBB95C70066632C /* DisclosureIndicatorView.m */; };
		F0B973CF1DBB95C70066632C /* ErrorView.m in Sources */ = {isa = PBXBuildFile; fileRef = F0B973971DBB95C70066632C /* ErrorView.m */; };
		F0B973D01DBB95C70066632C /* GradientView.m in Sources */ = {isa = PBXBuildFile; fileRef = F0B973991DBB95C70066632C /* GradientView.m */; };
		F0B973D11DBB95C70066632C /* HeaderBackgroundView.m in Sources */ = {isa = PBXBuildFile; fileRef = F0B9739B1DBB95C70066632C /* HeaderBackgroundView.m */; };
		F0B973D21DBB95C70066632C /* HeaderOverlayView.m in Sources */ = {isa = PBXBuildFile; fileRef = F0B9739D1DBB95C70066632C /* HeaderOverlayView.m */; };
		F0B973D31DBB95C70066632C /* ProductDescriptionCell.m in Sources */ = {isa = PBXBuildFile; fileRef = F0B9739F1DBB95C70066632C /* ProductDescriptionCell.m */; };
		F0B973D41DBB95C70066632C /* ProductHeaderCell.m in Sources */ = {isa = PBXBuildFile; fileRef = F0B973A11DBB95C70066632C /* ProductHeaderCell.m */; };
		F0B973D51DBB95C70066632C /* ProductImageCell.m in Sources */ = {isa = PBXBuildFile; fileRef = F0B973A31DBB95C70066632C /* ProductImageCell.m */; };
		F0B973D61DBB95C70066632C /* ProductVariantCell.m in Sources */ = {isa = PBXBuildFile; fileRef = F0B973A51DBB95C70066632C /* ProductVariantCell.m */; };
		F0B973D71DBB95C80066632C /* ProductView.m in Sources */ = {isa = PBXBuildFile; fileRef = F0B973A71DBB95C70066632C /* ProductView.m */; };
		F0B973D81DBB95C80066632C /* ProductViewController.m in Sources */ = {isa = PBXBuildFile; fileRef = F0B973A91DBB95C70066632C /* ProductViewController.m */; };
		F0B973D91DBB95C80066632C /* ProductViewControllerThemeStyleTableViewCell.m in Sources */ = {isa = PBXBuildFile; fileRef = F0B973AB1DBB95C70066632C /* ProductViewControllerThemeStyleTableViewCell.m */; };
		F0B973DA1DBB95C80066632C /* ProductViewControllerThemeTintColorTableViewCell.m in Sources */ = {isa = PBXBuildFile; fileRef = F0B973AD1DBB95C70066632C /* ProductViewControllerThemeTintColorTableViewCell.m */; };
		F0B973DB1DBB95C80066632C /* ProductViewControllerToggleTableViewCell.m in Sources */ = {isa = PBXBuildFile; fileRef = F0B973AF1DBB95C70066632C /* ProductViewControllerToggleTableViewCell.m */; };
		F0B973DC1DBB95C80066632C /* ProductViewHeader.m in Sources */ = {isa = PBXBuildFile; fileRef = F0B973B11DBB95C70066632C /* ProductViewHeader.m */; };
		F0B973DD1DBB95C80066632C /* ProductViewNavigationController.m in Sources */ = {isa = PBXBuildFile; fileRef = F0B973B31DBB95C70066632C /* ProductViewNavigationController.m */; };
		F0B973DE1DBB95C80066632C /* ProductViewPresentationController.m in Sources */ = {isa = PBXBuildFile; fileRef = F0B973B51DBB95C70066632C /* ProductViewPresentationController.m */; };
		F0B973DF1DBB95C80066632C /* OptionBreadCrumbsView.m in Sources */ = {isa = PBXBuildFile; fileRef = F0B973B81DBB95C70066632C /* OptionBreadCrumbsView.m */; };
		F0B973E01DBB95C80066632C /* OptionSelectionNavigationController.m in Sources */ = {isa = PBXBuildFile; fileRef = F0B973BA1DBB95C70066632C /* OptionSelectionNavigationController.m */; };
		F0B973E11DBB95C80066632C /* OptionSelectionViewController.m in Sources */ = {isa = PBXBuildFile; fileRef = F0B973BC1DBB95C70066632C /* OptionSelectionViewController.m */; };
		F0B973E21DBB95C80066632C /* OptionValueCell.m in Sources */ = {isa = PBXBuildFile; fileRef = F0B973BE1DBB95C70066632C /* OptionValueCell.m */; };
		F0B973E31DBB95C80066632C /* VariantOptionView.m in Sources */ = {isa = PBXBuildFile; fileRef = F0B973C01DBB95C70066632C /* VariantOptionView.m */; };
		F0B973E41DBB95C80066632C /* VariantSelectionPresentationController.m in Sources */ = {isa = PBXBuildFile; fileRef = F0B973C21DBB95C70066632C /* VariantSelectionPresentationController.m */; };
		F0B973E51DBB95C80066632C /* VariantSelectionViewController.m in Sources */ = {isa = PBXBuildFile; fileRef = F0B973C41DBB95C70066632C /* VariantSelectionViewController.m */; };
		F0B973E61DBB95C80066632C /* NavigationController.m in Sources */ = {isa = PBXBuildFile; fileRef = F0B973C71DBB95C70066632C /* NavigationController.m */; };
		F0B973E71DBB95C80066632C /* PaymentViewController.m in Sources */ = {isa = PBXBuildFile; fileRef = F0B973C91DBB95C70066632C /* PaymentViewController.m */; };
		F0B973FF1DBB969F0066632C /* UIColor+Additions.m in Sources */ = {isa = PBXBuildFile; fileRef = F0B973EA1DBB969F0066632C /* UIColor+Additions.m */; };
		F0B974001DBB969F0066632C /* UIFont+Additions.m in Sources */ = {isa = PBXBuildFile; fileRef = F0B973EC1DBB969F0066632C /* UIFont+Additions.m */; };
		F0B974011DBB969F0066632C /* UIImage+Additions.m in Sources */ = {isa = PBXBuildFile; fileRef = F0B973EE1DBB969F0066632C /* UIImage+Additions.m */; };
		F0B974021DBB969F0066632C /* ImageKit.m in Sources */ = {isa = PBXBuildFile; fileRef = F0B973F11DBB969F0066632C /* ImageKit.m */; };
		F0B974031DBB969F0066632C /* PaymentButton.m in Sources */ = {isa = PBXBuildFile; fileRef = F0B973F31DBB969F0066632C /* PaymentButton.m */; };
		F0B974041DBB969F0066632C /* UIButton+PaymentButton.m in Sources */ = {isa = PBXBuildFile; fileRef = F0B973F51DBB969F0066632C /* UIButton+PaymentButton.m */; };
		F0B974051DBB969F0066632C /* UIImage+PaymentButton.m in Sources */ = {isa = PBXBuildFile; fileRef = F0B973F71DBB969F0066632C /* UIImage+PaymentButton.m */; };
		F0B974061DBB969F0066632C /* Theme+Additions.m in Sources */ = {isa = PBXBuildFile; fileRef = F0B973FA1DBB969F0066632C /* Theme+Additions.m */; };
		F0B974071DBB969F0066632C /* Theme.m in Sources */ = {isa = PBXBuildFile; fileRef = F0B973FC1DBB969F0066632C /* Theme.m */; };
		F0B974081DBB969F0066632C /* VisualEffectView.m in Sources */ = {isa = PBXBuildFile; fileRef = F0B973FE1DBB969F0066632C /* VisualEffectView.m */; };
		F0B9740B1DBBE3D90066632C /* LaunchScreen.storyboard in Resources */ = {isa = PBXBuildFile; fileRef = F0B974091DBBE3D90066632C /* LaunchScreen.storyboard */; };
		F0B9740E1DBBF12D0066632C /* SignInManager.m in Sources */ = {isa = PBXBuildFile; fileRef = F0B9740D1DBBF12D0066632C /* SignInManager.m */; };
		F0B974111DBBFBBB0066632C /* SimpleImageCell.m in Sources */ = {isa = PBXBuildFile; fileRef = F0B974101DBBFBBB0066632C /* SimpleImageCell.m */; };
		F0B974141DBC05A20066632C /* DreamCell.m in Sources */ = {isa = PBXBuildFile; fileRef = F0B974131DBC05A20066632C /* DreamCell.m */; };
		F0B974181DBC09310066632C /* Dream.m in Sources */ = {isa = PBXBuildFile; fileRef = F0B974171DBC09310066632C /* Dream.m */; };
		F0B9741B1DBC09860066632C /* User.m in Sources */ = {isa = PBXBuildFile; fileRef = F0B9741A1DBC09860066632C /* User.m */; };
		F0B9741E1DBC0A090066632C /* Layer.m in Sources */ = {isa = PBXBuildFile; fileRef = F0B9741D1DBC0A090066632C /* Layer.m */; };
		F0B974231DBC38F60066632C /* ConnectionManager.m in Sources */ = {isa = PBXBuildFile; fileRef = F0B974221DBC38F60066632C /* ConnectionManager.m */; };
		F0B974251DBC391B0066632C /* ConnectionManagerTests.m in Sources */ = {isa = PBXBuildFile; fileRef = F0B974241DBC391B0066632C /* ConnectionManagerTests.m */; };
		F0B974301DBC39340066632C /* Server.rb in Resources */ = {isa = PBXBuildFile; fileRef = F0B974291DBC39340066632C /* Server.rb */; };
		F0B974321DBC39340066632C /* User.json in Resources */ = {isa = PBXBuildFile; fileRef = F0B9742C1DBC39340066632C /* User.json */; };
		F0E28B281DBC3AEF00456856 /* UserTests.m in Sources */ = {isa = PBXBuildFile; fileRef = F0E28B271DBC3AEF00456856 /* UserTests.m */; };
		F0E28B2A1DBC447A00456856 /* Dream.json in Resources */ = {isa = PBXBuildFile; fileRef = F0E28B291DBC447A00456856 /* Dream.json */; };
		F0E28B2C1DBC448D00456856 /* DreamsResponse.json in Resources */ = {isa = PBXBuildFile; fileRef = F0E28B2B1DBC448D00456856 /* DreamsResponse.json */; };
		F0E28B2E1DBC44FE00456856 /* DreamTests.m in Sources */ = {isa = PBXBuildFile; fileRef = F0E28B2D1DBC44FE00456856 /* DreamTests.m */; };
		F0E28B311DBC5CDC00456856 /* DreamDetailVC.m in Sources */ = {isa = PBXBuildFile; fileRef = F0E28B301DBC5CDC00456856 /* DreamDetailVC.m */; };
		F0E28B331DBC757400456856 /* Layer.json in Resources */ = {isa = PBXBuildFile; fileRef = F0E28B321DBC757400456856 /* Layer.json */; };
		F0E28B351DBC759C00456856 /* LayerTests.m in Sources */ = {isa = PBXBuildFile; fileRef = F0E28B341DBC759C00456856 /* LayerTests.m */; };
		F0E28B371DBC7C5800456856 /* AllDreams.json in Resources */ = {isa = PBXBuildFile; fileRef = F0E28B361DBC7C5800456856 /* AllDreams.json */; };
		F0E28B3A1DBC954200456856 /* NewDreamVC.m in Sources */ = {isa = PBXBuildFile; fileRef = F0E28B391DBC954200456856 /* NewDreamVC.m */; };
		F0E28B3E1DBCCA3500456856 /* NewsFeedTVC.m in Sources */ = {isa = PBXBuildFile; fileRef = F0E28B3D1DBCCA3500456856 /* NewsFeedTVC.m */; };
		F0E28B411DBCD54800456856 /* FirebaseUploader.m in Sources */ = {isa = PBXBuildFile; fileRef = F0E28B401DBCD54800456856 /* FirebaseUploader.m */; };
		F0E28B431DBCE53E00456856 /* DreamCreation.json in Resources */ = {isa = PBXBuildFile; fileRef = F0E28B421DBCE53E00456856 /* DreamCreation.json */; };
		F0E28B491DBD12A500456856 /* YouTubeHandler.m in Sources */ = {isa = PBXBuildFile; fileRef = F0E28B481DBD12A500456856 /* YouTubeHandler.m */; };
/* End PBXBuildFile section */

/* Begin PBXContainerItemProxy section */
		F0B973651DBAF3350066632C /* PBXContainerItemProxy */ = {
			isa = PBXContainerItemProxy;
			containerPortal = F0B973401DBAF3340066632C /* Project object */;
			proxyType = 1;
			remoteGlobalIDString = F0B973471DBAF3340066632C;
			remoteInfo = DreamShop;
		};
/* End PBXContainerItemProxy section */

/* Begin PBXFileReference section */
		7074704A4654C89BD63E028A /* Pods-DreamShop.debug.xcconfig */ = {isa = PBXFileReference; includeInIndex = 1; lastKnownFileType = text.xcconfig; name = "Pods-DreamShop.debug.xcconfig"; path = "Pods/Target Support Files/Pods-DreamShop/Pods-DreamShop.debug.xcconfig"; sourceTree = "<group>"; };
		A4067BFC4C6F9D4F63DFE4AB /* Pods-DreamShop.release.xcconfig */ = {isa = PBXFileReference; includeInIndex = 1; lastKnownFileType = text.xcconfig; name = "Pods-DreamShop.release.xcconfig"; path = "Pods/Target Support Files/Pods-DreamShop/Pods-DreamShop.release.xcconfig"; sourceTree = "<group>"; };
		A53131AE7606A8E12D6ABDFE /* Pods-DreamShopTests.debug.xcconfig */ = {isa = PBXFileReference; includeInIndex = 1; lastKnownFileType = text.xcconfig; name = "Pods-DreamShopTests.debug.xcconfig"; path = "Pods/Target Support Files/Pods-DreamShopTests/Pods-DreamShopTests.debug.xcconfig"; sourceTree = "<group>"; };
		CCAB73135B666A38BD52DE42 /* Pods-DreamShopTests.release.xcconfig */ = {isa = PBXFileReference; includeInIndex = 1; lastKnownFileType = text.xcconfig; name = "Pods-DreamShopTests.release.xcconfig"; path = "Pods/Target Support Files/Pods-DreamShopTests/Pods-DreamShopTests.release.xcconfig"; sourceTree = "<group>"; };
		E3072A29BE243E52429EA7EA /* libPods-DreamShop.a */ = {isa = PBXFileReference; explicitFileType = archive.ar; includeInIndex = 0; path = "libPods-DreamShop.a"; sourceTree = BUILT_PRODUCTS_DIR; };
		F0B973481DBAF3350066632C /* DreamShop.app */ = {isa = PBXFileReference; explicitFileType = wrapper.application; includeInIndex = 0; path = DreamShop.app; sourceTree = BUILT_PRODUCTS_DIR; };
		F0B9734C1DBAF3350066632C /* main.m */ = {isa = PBXFileReference; lastKnownFileType = sourcecode.c.objc; path = main.m; sourceTree = "<group>"; };
		F0B9734E1DBAF3350066632C /* AppDelegate.h */ = {isa = PBXFileReference; lastKnownFileType = sourcecode.c.h; path = AppDelegate.h; sourceTree = "<group>"; };
		F0B9734F1DBAF3350066632C /* AppDelegate.m */ = {isa = PBXFileReference; lastKnownFileType = sourcecode.c.objc; path = AppDelegate.m; sourceTree = "<group>"; };
		F0B973551DBAF3350066632C /* Base */ = {isa = PBXFileReference; lastKnownFileType = file.storyboard; name = Base; path = Base.lproj/Main.storyboard; sourceTree = "<group>"; };
		F0B973581DBAF3350066632C /* DreamShop.xcdatamodel */ = {isa = PBXFileReference; lastKnownFileType = wrapper.xcdatamodel; path = DreamShop.xcdatamodel; sourceTree = "<group>"; };
		F0B9735A1DBAF3350066632C /* Assets.xcassets */ = {isa = PBXFileReference; lastKnownFileType = folder.assetcatalog; path = Assets.xcassets; sourceTree = "<group>"; };
		F0B9735F1DBAF3350066632C /* Info.plist */ = {isa = PBXFileReference; lastKnownFileType = text.plist.xml; path = Info.plist; sourceTree = "<group>"; };
		F0B973641DBAF3350066632C /* DreamShopTests.xctest */ = {isa = PBXFileReference; explicitFileType = wrapper.cfbundle; includeInIndex = 0; path = DreamShopTests.xctest; sourceTree = BUILT_PRODUCTS_DIR; };
		F0B9736A1DBAF3350066632C /* Info.plist */ = {isa = PBXFileReference; lastKnownFileType = text.plist.xml; path = Info.plist; sourceTree = "<group>"; };
		F0B973731DBAF4100066632C /* GoogleService-Info.plist */ = {isa = PBXFileReference; fileEncoding = 4; lastKnownFileType = text.plist.xml; path = "GoogleService-Info.plist"; sourceTree = "<group>"; };
		F0B973761DBAF6E80066632C /* NewsFeedVC.h */ = {isa = PBXFileReference; fileEncoding = 4; lastKnownFileType = sourcecode.c.h; path = NewsFeedVC.h; sourceTree = "<group>"; };
		F0B973771DBAF6E80066632C /* NewsFeedVC.m */ = {isa = PBXFileReference; fileEncoding = 4; lastKnownFileType = sourcecode.c.objc; path = NewsFeedVC.m; sourceTree = "<group>"; };
		F0B973791DBB125B0066632C /* AlertControllerFactory.h */ = {isa = PBXFileReference; fileEncoding = 4; lastKnownFileType = sourcecode.c.h; path = AlertControllerFactory.h; sourceTree = "<group>"; };
		F0B9737A1DBB125B0066632C /* AlertControllerFactory.m */ = {isa = PBXFileReference; fileEncoding = 4; lastKnownFileType = sourcecode.c.objc; path = AlertControllerFactory.m; sourceTree = "<group>"; };
		F0B9737D1DBB197C0066632C /* UIImage+Alpha.h */ = {isa = PBXFileReference; fileEncoding = 4; lastKnownFileType = sourcecode.c.h; path = "UIImage+Alpha.h"; sourceTree = "<group>"; };
		F0B9737E1DBB197C0066632C /* UIImage+Alpha.m */ = {isa = PBXFileReference; fileEncoding = 4; lastKnownFileType = sourcecode.c.objc; path = "UIImage+Alpha.m"; sourceTree = "<group>"; };
		F0B9737F1DBB197C0066632C /* UIImage+Resize.h */ = {isa = PBXFileReference; fileEncoding = 4; lastKnownFileType = sourcecode.c.h; path = "UIImage+Resize.h"; sourceTree = "<group>"; };
		F0B973801DBB197C0066632C /* UIImage+Resize.m */ = {isa = PBXFileReference; fileEncoding = 4; lastKnownFileType = sourcecode.c.objc; path = "UIImage+Resize.m"; sourceTree = "<group>"; };
		F0B973811DBB197C0066632C /* UIImage+RoundedCorner.h */ = {isa = PBXFileReference; fileEncoding = 4; lastKnownFileType = sourcecode.c.h; path = "UIImage+RoundedCorner.h"; sourceTree = "<group>"; };
		F0B973821DBB197C0066632C /* UIImage+RoundedCorner.m */ = {isa = PBXFileReference; fileEncoding = 4; lastKnownFileType = sourcecode.c.objc; path = "UIImage+RoundedCorner.m"; sourceTree = "<group>"; };
		F0B973861DBB87380066632C /* SearchProductsVC.h */ = {isa = PBXFileReference; fileEncoding = 4; lastKnownFileType = sourcecode.c.h; path = SearchProductsVC.h; sourceTree = "<group>"; };
		F0B973871DBB87380066632C /* SearchProductsVC.m */ = {isa = PBXFileReference; fileEncoding = 4; lastKnownFileType = sourcecode.c.objc; path = SearchProductsVC.m; sourceTree = "<group>"; };
		F0B9738D1DBB95C70066632C /* ActionableFooterView.h */ = {isa = PBXFileReference; fileEncoding = 4; lastKnownFileType = sourcecode.c.h; path = ActionableFooterView.h; sourceTree = "<group>"; };
		F0B9738E1DBB95C70066632C /* ActionableFooterView.m */ = {isa = PBXFileReference; fileEncoding = 4; lastKnownFileType = sourcecode.c.objc; path = ActionableFooterView.m; sourceTree = "<group>"; };
		F0B9738F1DBB95C70066632C /* ActionableFooterView.xib */ = {isa = PBXFileReference; fileEncoding = 4; lastKnownFileType = file.xib; path = ActionableFooterView.xib; sourceTree = "<group>"; };
		F0B973901DBB95C70066632C /* AsyncImageView.h */ = {isa = PBXFileReference; fileEncoding = 4; lastKnownFileType = sourcecode.c.h; path = AsyncImageView.h; sourceTree = "<group>"; };
		F0B973911DBB95C70066632C /* AsyncImageView.m */ = {isa = PBXFileReference; fileEncoding = 4; lastKnownFileType = sourcecode.c.objc; path = AsyncImageView.m; sourceTree = "<group>"; };
		F0B973921DBB95C70066632C /* CheckoutButton.h */ = {isa = PBXFileReference; fileEncoding = 4; lastKnownFileType = sourcecode.c.h; path = CheckoutButton.h; sourceTree = "<group>"; };
		F0B973931DBB95C70066632C /* CheckoutButton.m */ = {isa = PBXFileReference; fileEncoding = 4; lastKnownFileType = sourcecode.c.objc; path = CheckoutButton.m; sourceTree = "<group>"; };
		F0B973941DBB95C70066632C /* DisclosureIndicatorView.h */ = {isa = PBXFileReference; fileEncoding = 4; lastKnownFileType = sourcecode.c.h; path = DisclosureIndicatorView.h; sourceTree = "<group>"; };
		F0B973951DBB95C70066632C /* DisclosureIndicatorView.m */ = {isa = PBXFileReference; fileEncoding = 4; lastKnownFileType = sourcecode.c.objc; path = DisclosureIndicatorView.m; sourceTree = "<group>"; };
		F0B973961DBB95C70066632C /* ErrorView.h */ = {isa = PBXFileReference; fileEncoding = 4; lastKnownFileType = sourcecode.c.h; path = ErrorView.h; sourceTree = "<group>"; };
		F0B973971DBB95C70066632C /* ErrorView.m */ = {isa = PBXFileReference; fileEncoding = 4; lastKnownFileType = sourcecode.c.objc; path = ErrorView.m; sourceTree = "<group>"; };
		F0B973981DBB95C70066632C /* GradientView.h */ = {isa = PBXFileReference; fileEncoding = 4; lastKnownFileType = sourcecode.c.h; path = GradientView.h; sourceTree = "<group>"; };
		F0B973991DBB95C70066632C /* GradientView.m */ = {isa = PBXFileReference; fileEncoding = 4; lastKnownFileType = sourcecode.c.objc; path = GradientView.m; sourceTree = "<group>"; };
		F0B9739A1DBB95C70066632C /* HeaderBackgroundView.h */ = {isa = PBXFileReference; fileEncoding = 4; lastKnownFileType = sourcecode.c.h; path = HeaderBackgroundView.h; sourceTree = "<group>"; };
		F0B9739B1DBB95C70066632C /* HeaderBackgroundView.m */ = {isa = PBXFileReference; fileEncoding = 4; lastKnownFileType = sourcecode.c.objc; path = HeaderBackgroundView.m; sourceTree = "<group>"; };
		F0B9739C1DBB95C70066632C /* HeaderOverlayView.h */ = {isa = PBXFileReference; fileEncoding = 4; lastKnownFileType = sourcecode.c.h; path = HeaderOverlayView.h; sourceTree = "<group>"; };
		F0B9739D1DBB95C70066632C /* HeaderOverlayView.m */ = {isa = PBXFileReference; fileEncoding = 4; lastKnownFileType = sourcecode.c.objc; path = HeaderOverlayView.m; sourceTree = "<group>"; };
		F0B9739E1DBB95C70066632C /* ProductDescriptionCell.h */ = {isa = PBXFileReference; fileEncoding = 4; lastKnownFileType = sourcecode.c.h; path = ProductDescriptionCell.h; sourceTree = "<group>"; };
		F0B9739F1DBB95C70066632C /* ProductDescriptionCell.m */ = {isa = PBXFileReference; fileEncoding = 4; lastKnownFileType = sourcecode.c.objc; path = ProductDescriptionCell.m; sourceTree = "<group>"; };
		F0B973A01DBB95C70066632C /* ProductHeaderCell.h */ = {isa = PBXFileReference; fileEncoding = 4; lastKnownFileType = sourcecode.c.h; path = ProductHeaderCell.h; sourceTree = "<group>"; };
		F0B973A11DBB95C70066632C /* ProductHeaderCell.m */ = {isa = PBXFileReference; fileEncoding = 4; lastKnownFileType = sourcecode.c.objc; path = ProductHeaderCell.m; sourceTree = "<group>"; };
		F0B973A21DBB95C70066632C /* ProductImageCell.h */ = {isa = PBXFileReference; fileEncoding = 4; lastKnownFileType = sourcecode.c.h; path = ProductImageCell.h; sourceTree = "<group>"; };
		F0B973A31DBB95C70066632C /* ProductImageCell.m */ = {isa = PBXFileReference; fileEncoding = 4; lastKnownFileType = sourcecode.c.objc; path = ProductImageCell.m; sourceTree = "<group>"; };
		F0B973A41DBB95C70066632C /* ProductVariantCell.h */ = {isa = PBXFileReference; fileEncoding = 4; lastKnownFileType = sourcecode.c.h; path = ProductVariantCell.h; sourceTree = "<group>"; };
		F0B973A51DBB95C70066632C /* ProductVariantCell.m */ = {isa = PBXFileReference; fileEncoding = 4; lastKnownFileType = sourcecode.c.objc; path = ProductVariantCell.m; sourceTree = "<group>"; };
		F0B973A61DBB95C70066632C /* ProductView.h */ = {isa = PBXFileReference; fileEncoding = 4; lastKnownFileType = sourcecode.c.h; path = ProductView.h; sourceTree = "<group>"; };
		F0B973A71DBB95C70066632C /* ProductView.m */ = {isa = PBXFileReference; fileEncoding = 4; lastKnownFileType = sourcecode.c.objc; path = ProductView.m; sourceTree = "<group>"; };
		F0B973A81DBB95C70066632C /* ProductViewController.h */ = {isa = PBXFileReference; fileEncoding = 4; lastKnownFileType = sourcecode.c.h; path = ProductViewController.h; sourceTree = "<group>"; };
		F0B973A91DBB95C70066632C /* ProductViewController.m */ = {isa = PBXFileReference; fileEncoding = 4; lastKnownFileType = sourcecode.c.objc; path = ProductViewController.m; sourceTree = "<group>"; };
		F0B973AA1DBB95C70066632C /* ProductViewControllerThemeStyleTableViewCell.h */ = {isa = PBXFileReference; fileEncoding = 4; lastKnownFileType = sourcecode.c.h; path = ProductViewControllerThemeStyleTableViewCell.h; sourceTree = "<group>"; };
		F0B973AB1DBB95C70066632C /* ProductViewControllerThemeStyleTableViewCell.m */ = {isa = PBXFileReference; fileEncoding = 4; lastKnownFileType = sourcecode.c.objc; path = ProductViewControllerThemeStyleTableViewCell.m; sourceTree = "<group>"; };
		F0B973AC1DBB95C70066632C /* ProductViewControllerThemeTintColorTableViewCell.h */ = {isa = PBXFileReference; fileEncoding = 4; lastKnownFileType = sourcecode.c.h; path = ProductViewControllerThemeTintColorTableViewCell.h; sourceTree = "<group>"; };
		F0B973AD1DBB95C70066632C /* ProductViewControllerThemeTintColorTableViewCell.m */ = {isa = PBXFileReference; fileEncoding = 4; lastKnownFileType = sourcecode.c.objc; path = ProductViewControllerThemeTintColorTableViewCell.m; sourceTree = "<group>"; };
		F0B973AE1DBB95C70066632C /* ProductViewControllerToggleTableViewCell.h */ = {isa = PBXFileReference; fileEncoding = 4; lastKnownFileType = sourcecode.c.h; path = ProductViewControllerToggleTableViewCell.h; sourceTree = "<group>"; };
		F0B973AF1DBB95C70066632C /* ProductViewControllerToggleTableViewCell.m */ = {isa = PBXFileReference; fileEncoding = 4; lastKnownFileType = sourcecode.c.objc; path = ProductViewControllerToggleTableViewCell.m; sourceTree = "<group>"; };
		F0B973B01DBB95C70066632C /* ProductViewHeader.h */ = {isa = PBXFileReference; fileEncoding = 4; lastKnownFileType = sourcecode.c.h; path = ProductViewHeader.h; sourceTree = "<group>"; };
		F0B973B11DBB95C70066632C /* ProductViewHeader.m */ = {isa = PBXFileReference; fileEncoding = 4; lastKnownFileType = sourcecode.c.objc; path = ProductViewHeader.m; sourceTree = "<group>"; };
		F0B973B21DBB95C70066632C /* ProductViewNavigationController.h */ = {isa = PBXFileReference; fileEncoding = 4; lastKnownFileType = sourcecode.c.h; path = ProductViewNavigationController.h; sourceTree = "<group>"; };
		F0B973B31DBB95C70066632C /* ProductViewNavigationController.m */ = {isa = PBXFileReference; fileEncoding = 4; lastKnownFileType = sourcecode.c.objc; path = ProductViewNavigationController.m; sourceTree = "<group>"; };
		F0B973B41DBB95C70066632C /* ProductViewPresentationController.h */ = {isa = PBXFileReference; fileEncoding = 4; lastKnownFileType = sourcecode.c.h; path = ProductViewPresentationController.h; sourceTree = "<group>"; };
		F0B973B51DBB95C70066632C /* ProductViewPresentationController.m */ = {isa = PBXFileReference; fileEncoding = 4; lastKnownFileType = sourcecode.c.objc; path = ProductViewPresentationController.m; sourceTree = "<group>"; };
		F0B973B71DBB95C70066632C /* OptionBreadCrumbsView.h */ = {isa = PBXFileReference; fileEncoding = 4; lastKnownFileType = sourcecode.c.h; path = OptionBreadCrumbsView.h; sourceTree = "<group>"; };
		F0B973B81DBB95C70066632C /* OptionBreadCrumbsView.m */ = {isa = PBXFileReference; fileEncoding = 4; lastKnownFileType = sourcecode.c.objc; path = OptionBreadCrumbsView.m; sourceTree = "<group>"; };
		F0B973B91DBB95C70066632C /* OptionSelectionNavigationController.h */ = {isa = PBXFileReference; fileEncoding = 4; lastKnownFileType = sourcecode.c.h; path = OptionSelectionNavigationController.h; sourceTree = "<group>"; };
		F0B973BA1DBB95C70066632C /* OptionSelectionNavigationController.m */ = {isa = PBXFileReference; fileEncoding = 4; lastKnownFileType = sourcecode.c.objc; path = OptionSelectionNavigationController.m; sourceTree = "<group>"; };
		F0B973BB1DBB95C70066632C /* OptionSelectionViewController.h */ = {isa = PBXFileReference; fileEncoding = 4; lastKnownFileType = sourcecode.c.h; path = OptionSelectionViewController.h; sourceTree = "<group>"; };
		F0B973BC1DBB95C70066632C /* OptionSelectionViewController.m */ = {isa = PBXFileReference; fileEncoding = 4; lastKnownFileType = sourcecode.c.objc; path = OptionSelectionViewController.m; sourceTree = "<group>"; };
		F0B973BD1DBB95C70066632C /* OptionValueCell.h */ = {isa = PBXFileReference; fileEncoding = 4; lastKnownFileType = sourcecode.c.h; path = OptionValueCell.h; sourceTree = "<group>"; };
		F0B973BE1DBB95C70066632C /* OptionValueCell.m */ = {isa = PBXFileReference; fileEncoding = 4; lastKnownFileType = sourcecode.c.objc; path = OptionValueCell.m; sourceTree = "<group>"; };
		F0B973BF1DBB95C70066632C /* VariantOptionView.h */ = {isa = PBXFileReference; fileEncoding = 4; lastKnownFileType = sourcecode.c.h; path = VariantOptionView.h; sourceTree = "<group>"; };
		F0B973C01DBB95C70066632C /* VariantOptionView.m */ = {isa = PBXFileReference; fileEncoding = 4; lastKnownFileType = sourcecode.c.objc; path = VariantOptionView.m; sourceTree = "<group>"; };
		F0B973C11DBB95C70066632C /* VariantSelectionPresentationController.h */ = {isa = PBXFileReference; fileEncoding = 4; lastKnownFileType = sourcecode.c.h; path = VariantSelectionPresentationController.h; sourceTree = "<group>"; };
		F0B973C21DBB95C70066632C /* VariantSelectionPresentationController.m */ = {isa = PBXFileReference; fileEncoding = 4; lastKnownFileType = sourcecode.c.objc; path = VariantSelectionPresentationController.m; sourceTree = "<group>"; };
		F0B973C31DBB95C70066632C /* VariantSelectionViewController.h */ = {isa = PBXFileReference; fileEncoding = 4; lastKnownFileType = sourcecode.c.h; path = VariantSelectionViewController.h; sourceTree = "<group>"; };
		F0B973C41DBB95C70066632C /* VariantSelectionViewController.m */ = {isa = PBXFileReference; fileEncoding = 4; lastKnownFileType = sourcecode.c.objc; path = VariantSelectionViewController.m; sourceTree = "<group>"; };
		F0B973C61DBB95C70066632C /* NavigationController.h */ = {isa = PBXFileReference; fileEncoding = 4; lastKnownFileType = sourcecode.c.h; path = NavigationController.h; sourceTree = "<group>"; };
		F0B973C71DBB95C70066632C /* NavigationController.m */ = {isa = PBXFileReference; fileEncoding = 4; lastKnownFileType = sourcecode.c.objc; path = NavigationController.m; sourceTree = "<group>"; };
		F0B973C81DBB95C70066632C /* PaymentViewController.h */ = {isa = PBXFileReference; fileEncoding = 4; lastKnownFileType = sourcecode.c.h; path = PaymentViewController.h; sourceTree = "<group>"; };
		F0B973C91DBB95C70066632C /* PaymentViewController.m */ = {isa = PBXFileReference; fileEncoding = 4; lastKnownFileType = sourcecode.c.objc; path = PaymentViewController.m; sourceTree = "<group>"; };
		F0B973E91DBB969F0066632C /* UIColor+Additions.h */ = {isa = PBXFileReference; fileEncoding = 4; lastKnownFileType = sourcecode.c.h; path = "UIColor+Additions.h"; sourceTree = "<group>"; };
		F0B973EA1DBB969F0066632C /* UIColor+Additions.m */ = {isa = PBXFileReference; fileEncoding = 4; lastKnownFileType = sourcecode.c.objc; path = "UIColor+Additions.m"; sourceTree = "<group>"; };
		F0B973EB1DBB969F0066632C /* UIFont+Additions.h */ = {isa = PBXFileReference; fileEncoding = 4; lastKnownFileType = sourcecode.c.h; path = "UIFont+Additions.h"; sourceTree = "<group>"; };
		F0B973EC1DBB969F0066632C /* UIFont+Additions.m */ = {isa = PBXFileReference; fileEncoding = 4; lastKnownFileType = sourcecode.c.objc; path = "UIFont+Additions.m"; sourceTree = "<group>"; };
		F0B973ED1DBB969F0066632C /* UIImage+Additions.h */ = {isa = PBXFileReference; fileEncoding = 4; lastKnownFileType = sourcecode.c.h; path = "UIImage+Additions.h"; sourceTree = "<group>"; };
		F0B973EE1DBB969F0066632C /* UIImage+Additions.m */ = {isa = PBXFileReference; fileEncoding = 4; lastKnownFileType = sourcecode.c.objc; path = "UIImage+Additions.m"; sourceTree = "<group>"; };
		F0B973F01DBB969F0066632C /* ImageKit.h */ = {isa = PBXFileReference; fileEncoding = 4; lastKnownFileType = sourcecode.c.h; path = ImageKit.h; sourceTree = "<group>"; };
		F0B973F11DBB969F0066632C /* ImageKit.m */ = {isa = PBXFileReference; fileEncoding = 4; lastKnownFileType = sourcecode.c.objc; path = ImageKit.m; sourceTree = "<group>"; };
		F0B973F21DBB969F0066632C /* PaymentButton.h */ = {isa = PBXFileReference; fileEncoding = 4; lastKnownFileType = sourcecode.c.h; path = PaymentButton.h; sourceTree = "<group>"; };
		F0B973F31DBB969F0066632C /* PaymentButton.m */ = {isa = PBXFileReference; fileEncoding = 4; lastKnownFileType = sourcecode.c.objc; path = PaymentButton.m; sourceTree = "<group>"; };
		F0B973F41DBB969F0066632C /* UIButton+PaymentButton.h */ = {isa = PBXFileReference; fileEncoding = 4; lastKnownFileType = sourcecode.c.h; path = "UIButton+PaymentButton.h"; sourceTree = "<group>"; };
		F0B973F51DBB969F0066632C /* UIButton+PaymentButton.m */ = {isa = PBXFileReference; fileEncoding = 4; lastKnownFileType = sourcecode.c.objc; path = "UIButton+PaymentButton.m"; sourceTree = "<group>"; };
		F0B973F61DBB969F0066632C /* UIImage+PaymentButton.h */ = {isa = PBXFileReference; fileEncoding = 4; lastKnownFileType = sourcecode.c.h; path = "UIImage+PaymentButton.h"; sourceTree = "<group>"; };
		F0B973F71DBB969F0066632C /* UIImage+PaymentButton.m */ = {isa = PBXFileReference; fileEncoding = 4; lastKnownFileType = sourcecode.c.objc; path = "UIImage+PaymentButton.m"; sourceTree = "<group>"; };
		F0B973F91DBB969F0066632C /* Theme+Additions.h */ = {isa = PBXFileReference; fileEncoding = 4; lastKnownFileType = sourcecode.c.h; path = "Theme+Additions.h"; sourceTree = "<group>"; };
		F0B973FA1DBB969F0066632C /* Theme+Additions.m */ = {isa = PBXFileReference; fileEncoding = 4; lastKnownFileType = sourcecode.c.objc; path = "Theme+Additions.m"; sourceTree = "<group>"; };
		F0B973FB1DBB969F0066632C /* Theme.h */ = {isa = PBXFileReference; fileEncoding = 4; lastKnownFileType = sourcecode.c.h; path = Theme.h; sourceTree = "<group>"; };
		F0B973FC1DBB969F0066632C /* Theme.m */ = {isa = PBXFileReference; fileEncoding = 4; lastKnownFileType = sourcecode.c.objc; path = Theme.m; sourceTree = "<group>"; };
		F0B973FD1DBB969F0066632C /* VisualEffectView.h */ = {isa = PBXFileReference; fileEncoding = 4; lastKnownFileType = sourcecode.c.h; path = VisualEffectView.h; sourceTree = "<group>"; };
		F0B973FE1DBB969F0066632C /* VisualEffectView.m */ = {isa = PBXFileReference; fileEncoding = 4; lastKnownFileType = sourcecode.c.objc; path = VisualEffectView.m; sourceTree = "<group>"; };
		F0B9740A1DBBE3D90066632C /* Base */ = {isa = PBXFileReference; lastKnownFileType = file.storyboard; name = Base; path = Base.lproj/LaunchScreen.storyboard; sourceTree = "<group>"; };
		F0B9740C1DBBF12D0066632C /* SignInManager.h */ = {isa = PBXFileReference; fileEncoding = 4; lastKnownFileType = sourcecode.c.h; path = SignInManager.h; sourceTree = "<group>"; };
		F0B9740D1DBBF12D0066632C /* SignInManager.m */ = {isa = PBXFileReference; fileEncoding = 4; lastKnownFileType = sourcecode.c.objc; path = SignInManager.m; sourceTree = "<group>"; };
		F0B9740F1DBBFBBB0066632C /* SimpleImageCell.h */ = {isa = PBXFileReference; fileEncoding = 4; lastKnownFileType = sourcecode.c.h; path = SimpleImageCell.h; sourceTree = "<group>"; };
		F0B974101DBBFBBB0066632C /* SimpleImageCell.m */ = {isa = PBXFileReference; fileEncoding = 4; lastKnownFileType = sourcecode.c.objc; path = SimpleImageCell.m; sourceTree = "<group>"; };
		F0B974121DBC05A20066632C /* DreamCell.h */ = {isa = PBXFileReference; fileEncoding = 4; lastKnownFileType = sourcecode.c.h; path = DreamCell.h; sourceTree = "<group>"; };
		F0B974131DBC05A20066632C /* DreamCell.m */ = {isa = PBXFileReference; fileEncoding = 4; lastKnownFileType = sourcecode.c.objc; path = DreamCell.m; sourceTree = "<group>"; };
		F0B974161DBC09310066632C /* Dream.h */ = {isa = PBXFileReference; fileEncoding = 4; lastKnownFileType = sourcecode.c.h; path = Dream.h; sourceTree = "<group>"; };
		F0B974171DBC09310066632C /* Dream.m */ = {isa = PBXFileReference; fileEncoding = 4; lastKnownFileType = sourcecode.c.objc; path = Dream.m; sourceTree = "<group>"; };
		F0B974191DBC09860066632C /* User.h */ = {isa = PBXFileReference; fileEncoding = 4; lastKnownFileType = sourcecode.c.h; path = User.h; sourceTree = "<group>"; };
		F0B9741A1DBC09860066632C /* User.m */ = {isa = PBXFileReference; fileEncoding = 4; lastKnownFileType = sourcecode.c.objc; path = User.m; sourceTree = "<group>"; };
		F0B9741C1DBC0A090066632C /* Layer.h */ = {isa = PBXFileReference; fileEncoding = 4; lastKnownFileType = sourcecode.c.h; path = Layer.h; sourceTree = "<group>"; };
		F0B9741D1DBC0A090066632C /* Layer.m */ = {isa = PBXFileReference; fileEncoding = 4; lastKnownFileType = sourcecode.c.objc; path = Layer.m; sourceTree = "<group>"; };
		F0B974211DBC38F60066632C /* ConnectionManager.h */ = {isa = PBXFileReference; fileEncoding = 4; lastKnownFileType = sourcecode.c.h; path = ConnectionManager.h; sourceTree = "<group>"; };
		F0B974221DBC38F60066632C /* ConnectionManager.m */ = {isa = PBXFileReference; fileEncoding = 4; lastKnownFileType = sourcecode.c.objc; path = ConnectionManager.m; sourceTree = "<group>"; };
		F0B974241DBC391B0066632C /* ConnectionManagerTests.m */ = {isa = PBXFileReference; fileEncoding = 4; lastKnownFileType = sourcecode.c.objc; path = ConnectionManagerTests.m; sourceTree = "<group>"; };
		F0B974291DBC39340066632C /* Server.rb */ = {isa = PBXFileReference; fileEncoding = 4; lastKnownFileType = text.script.ruby; path = Server.rb; sourceTree = "<group>"; };
		F0B9742C1DBC39340066632C /* User.json */ = {isa = PBXFileReference; fileEncoding = 4; lastKnownFileType = text.json; path = User.json; sourceTree = "<group>"; };
		F0E28B271DBC3AEF00456856 /* UserTests.m */ = {isa = PBXFileReference; fileEncoding = 4; lastKnownFileType = sourcecode.c.objc; path = UserTests.m; sourceTree = "<group>"; };
		F0E28B291DBC447A00456856 /* Dream.json */ = {isa = PBXFileReference; fileEncoding = 4; lastKnownFileType = text.json; path = Dream.json; sourceTree = "<group>"; };
		F0E28B2B1DBC448D00456856 /* DreamsResponse.json */ = {isa = PBXFileReference; fileEncoding = 4; lastKnownFileType = text.json; path = DreamsResponse.json; sourceTree = "<group>"; };
		F0E28B2D1DBC44FE00456856 /* DreamTests.m */ = {isa = PBXFileReference; fileEncoding = 4; lastKnownFileType = sourcecode.c.objc; path = DreamTests.m; sourceTree = "<group>"; };
		F0E28B2F1DBC5CDC00456856 /* DreamDetailVC.h */ = {isa = PBXFileReference; fileEncoding = 4; lastKnownFileType = sourcecode.c.h; path = DreamDetailVC.h; sourceTree = "<group>"; };
		F0E28B301DBC5CDC00456856 /* DreamDetailVC.m */ = {isa = PBXFileReference; fileEncoding = 4; lastKnownFileType = sourcecode.c.objc; path = DreamDetailVC.m; sourceTree = "<group>"; };
		F0E28B321DBC757400456856 /* Layer.json */ = {isa = PBXFileReference; fileEncoding = 4; lastKnownFileType = text.json; path = Layer.json; sourceTree = "<group>"; };
		F0E28B341DBC759C00456856 /* LayerTests.m */ = {isa = PBXFileReference; fileEncoding = 4; lastKnownFileType = sourcecode.c.objc; path = LayerTests.m; sourceTree = "<group>"; };
		F0E28B361DBC7C5800456856 /* AllDreams.json */ = {isa = PBXFileReference; fileEncoding = 4; lastKnownFileType = text.json; path = AllDreams.json; sourceTree = "<group>"; };
		F0E28B381DBC954200456856 /* NewDreamVC.h */ = {isa = PBXFileReference; fileEncoding = 4; lastKnownFileType = sourcecode.c.h; path = NewDreamVC.h; sourceTree = "<group>"; };
		F0E28B391DBC954200456856 /* NewDreamVC.m */ = {isa = PBXFileReference; fileEncoding = 4; lastKnownFileType = sourcecode.c.objc; path = NewDreamVC.m; sourceTree = "<group>"; };
		F0E28B3C1DBCCA3500456856 /* NewsFeedTVC.h */ = {isa = PBXFileReference; fileEncoding = 4; lastKnownFileType = sourcecode.c.h; path = NewsFeedTVC.h; sourceTree = "<group>"; };
		F0E28B3D1DBCCA3500456856 /* NewsFeedTVC.m */ = {isa = PBXFileReference; fileEncoding = 4; lastKnownFileType = sourcecode.c.objc; path = NewsFeedTVC.m; sourceTree = "<group>"; };
		F0E28B3F1DBCD54800456856 /* FirebaseUploader.h */ = {isa = PBXFileReference; fileEncoding = 4; lastKnownFileType = sourcecode.c.h; path = FirebaseUploader.h; sourceTree = "<group>"; };
		F0E28B401DBCD54800456856 /* FirebaseUploader.m */ = {isa = PBXFileReference; fileEncoding = 4; lastKnownFileType = sourcecode.c.objc; path = FirebaseUploader.m; sourceTree = "<group>"; };
		F0E28B421DBCE53E00456856 /* DreamCreation.json */ = {isa = PBXFileReference; fileEncoding = 4; lastKnownFileType = text.json; path = DreamCreation.json; sourceTree = "<group>"; };
		F0E28B471DBD12A500456856 /* YouTubeHandler.h */ = {isa = PBXFileReference; fileEncoding = 4; lastKnownFileType = sourcecode.c.h; path = YouTubeHandler.h; sourceTree = "<group>"; };
		F0E28B481DBD12A500456856 /* YouTubeHandler.m */ = {isa = PBXFileReference; fileEncoding = 4; lastKnownFileType = sourcecode.c.objc; path = YouTubeHandler.m; sourceTree = "<group>"; };
		F6A0802DA1BB63AB62483499 /* libPods-DreamShopTests.a */ = {isa = PBXFileReference; explicitFileType = archive.ar; includeInIndex = 0; path = "libPods-DreamShopTests.a"; sourceTree = BUILT_PRODUCTS_DIR; };
/* End PBXFileReference section */

/* Begin PBXFrameworksBuildPhase section */
		F0B973451DBAF3340066632C /* Frameworks */ = {
			isa = PBXFrameworksBuildPhase;
			buildActionMask = 2147483647;
			files = (
				BEA893B8DDE02BB0BB457901 /* libPods-DreamShop.a in Frameworks */,
			);
			runOnlyForDeploymentPostprocessing = 0;
		};
		F0B973611DBAF3350066632C /* Frameworks */ = {
			isa = PBXFrameworksBuildPhase;
			buildActionMask = 2147483647;
			files = (
				EB3679A45090F3BD65669554 /* libPods-DreamShopTests.a in Frameworks */,
			);
			runOnlyForDeploymentPostprocessing = 0;
		};
/* End PBXFrameworksBuildPhase section */

/* Begin PBXGroup section */
		5294C3DE366121DB861AD68C /* Frameworks */ = {
			isa = PBXGroup;
			children = (
				E3072A29BE243E52429EA7EA /* libPods-DreamShop.a */,
				F6A0802DA1BB63AB62483499 /* libPods-DreamShopTests.a */,
			);
			name = Frameworks;
			sourceTree = "<group>";
		};
		B6DAF523DFC2D9D3F88237C7 /* Pods */ = {
			isa = PBXGroup;
			children = (
				7074704A4654C89BD63E028A /* Pods-DreamShop.debug.xcconfig */,
				A4067BFC4C6F9D4F63DFE4AB /* Pods-DreamShop.release.xcconfig */,
				A53131AE7606A8E12D6ABDFE /* Pods-DreamShopTests.debug.xcconfig */,
				CCAB73135B666A38BD52DE42 /* Pods-DreamShopTests.release.xcconfig */,
			);
			name = Pods;
			sourceTree = "<group>";
		};
		F0B9733F1DBAF3340066632C = {
			isa = PBXGroup;
			children = (
				F0B9734A1DBAF3350066632C /* DreamShop */,
				F0B973671DBAF3350066632C /* DreamShopTests */,
				F0B973491DBAF3350066632C /* Products */,
				B6DAF523DFC2D9D3F88237C7 /* Pods */,
				5294C3DE366121DB861AD68C /* Frameworks */,
			);
			sourceTree = "<group>";
		};
		F0B973491DBAF3350066632C /* Products */ = {
			isa = PBXGroup;
			children = (
				F0B973481DBAF3350066632C /* DreamShop.app */,
				F0B973641DBAF3350066632C /* DreamShopTests.xctest */,
			);
			name = Products;
			sourceTree = "<group>";
		};
		F0B9734A1DBAF3350066632C /* DreamShop */ = {
			isa = PBXGroup;
			children = (
				F0B9737C1DBB19510066632C /* lib */,
				F0B9741F1DBC388C0066632C /* Business */,
				F0B974151DBC08EF0066632C /* Model */,
				F0B973751DBAF6C10066632C /* View */,
				F0B9734E1DBAF3350066632C /* AppDelegate.h */,
				F0B9734F1DBAF3350066632C /* AppDelegate.m */,
				F0B974091DBBE3D90066632C /* LaunchScreen.storyboard */,
				F0B973541DBAF3350066632C /* Main.storyboard */,
				F0B9735A1DBAF3350066632C /* Assets.xcassets */,
				F0B9735F1DBAF3350066632C /* Info.plist */,
				F0B973731DBAF4100066632C /* GoogleService-Info.plist */,
				F0B973571DBAF3350066632C /* DreamShop.xcdatamodeld */,
				F0B9734B1DBAF3350066632C /* Supporting Files */,
			);
			path = DreamShop;
			sourceTree = "<group>";
		};
		F0B9734B1DBAF3350066632C /* Supporting Files */ = {
			isa = PBXGroup;
			children = (
				F0B9734C1DBAF3350066632C /* main.m */,
			);
			name = "Supporting Files";
			sourceTree = "<group>";
		};
		F0B973671DBAF3350066632C /* DreamShopTests */ = {
			isa = PBXGroup;
			children = (
				F0B974261DBC39340066632C /* Fixtures */,
				F0B974201DBC38BA0066632C /* Business */,
				F0E28B261DBC3AB500456856 /* Model */,
				F0B9736A1DBAF3350066632C /* Info.plist */,
			);
			path = DreamShopTests;
			sourceTree = "<group>";
		};
		F0B973751DBAF6C10066632C /* View */ = {
			isa = PBXGroup;
			children = (
				F0B973791DBB125B0066632C /* AlertControllerFactory.h */,
				F0B9737A1DBB125B0066632C /* AlertControllerFactory.m */,
				F0B974121DBC05A20066632C /* DreamCell.h */,
				F0B974131DBC05A20066632C /* DreamCell.m */,
				F0E28B2F1DBC5CDC00456856 /* DreamDetailVC.h */,
				F0E28B301DBC5CDC00456856 /* DreamDetailVC.m */,
				F0E28B381DBC954200456856 /* NewDreamVC.h */,
				F0E28B391DBC954200456856 /* NewDreamVC.m */,
				F0E28B3C1DBCCA3500456856 /* NewsFeedTVC.h */,
				F0E28B3D1DBCCA3500456856 /* NewsFeedTVC.m */,
				F0B973761DBAF6E80066632C /* NewsFeedVC.h */,
				F0B973771DBAF6E80066632C /* NewsFeedVC.m */,
				F0B973861DBB87380066632C /* SearchProductsVC.h */,
				F0B973871DBB87380066632C /* SearchProductsVC.m */,
				F0B9740C1DBBF12D0066632C /* SignInManager.h */,
				F0B9740D1DBBF12D0066632C /* SignInManager.m */,
				F0B9740F1DBBFBBB0066632C /* SimpleImageCell.h */,
				F0B974101DBBFBBB0066632C /* SimpleImageCell.m */,
			);
			path = View;
			sourceTree = "<group>";
		};
		F0B9737C1DBB19510066632C /* lib */ = {
			isa = PBXGroup;
			children = (
				F0B9738B1DBB958F0066632C /* Shopify */,
				F0B9737D1DBB197C0066632C /* UIImage+Alpha.h */,
				F0B9737E1DBB197C0066632C /* UIImage+Alpha.m */,
				F0B9737F1DBB197C0066632C /* UIImage+Resize.h */,
				F0B973801DBB197C0066632C /* UIImage+Resize.m */,
				F0B973811DBB197C0066632C /* UIImage+RoundedCorner.h */,
				F0B973821DBB197C0066632C /* UIImage+RoundedCorner.m */,
			);
			path = lib;
			sourceTree = "<group>";
		};
		F0B9738B1DBB958F0066632C /* Shopify */ = {
			isa = PBXGroup;
			children = (
				F0B973E81DBB969F0066632C /* UIKit Additions */,
				F0B973EF1DBB969F0066632C /* PaymentButton */,
				F0B973F81DBB969F0066632C /* Appearance */,
				F0B9738C1DBB95C70066632C /* Product View */,
			);
			path = Shopify;
			sourceTree = "<group>";
		};
		F0B9738C1DBB95C70066632C /* Product View */ = {
			isa = PBXGroup;
			children = (
				F0B9738D1DBB95C70066632C /* ActionableFooterView.h */,
				F0B9738E1DBB95C70066632C /* ActionableFooterView.m */,
				F0B9738F1DBB95C70066632C /* ActionableFooterView.xib */,
				F0B973901DBB95C70066632C /* AsyncImageView.h */,
				F0B973911DBB95C70066632C /* AsyncImageView.m */,
				F0B973921DBB95C70066632C /* CheckoutButton.h */,
				F0B973931DBB95C70066632C /* CheckoutButton.m */,
				F0B973941DBB95C70066632C /* DisclosureIndicatorView.h */,
				F0B973951DBB95C70066632C /* DisclosureIndicatorView.m */,
				F0B973961DBB95C70066632C /* ErrorView.h */,
				F0B973971DBB95C70066632C /* ErrorView.m */,
				F0B973981DBB95C70066632C /* GradientView.h */,
				F0B973991DBB95C70066632C /* GradientView.m */,
				F0B9739A1DBB95C70066632C /* HeaderBackgroundView.h */,
				F0B9739B1DBB95C70066632C /* HeaderBackgroundView.m */,
				F0B9739C1DBB95C70066632C /* HeaderOverlayView.h */,
				F0B9739D1DBB95C70066632C /* HeaderOverlayView.m */,
				F0B9739E1DBB95C70066632C /* ProductDescriptionCell.h */,
				F0B9739F1DBB95C70066632C /* ProductDescriptionCell.m */,
				F0B973A01DBB95C70066632C /* ProductHeaderCell.h */,
				F0B973A11DBB95C70066632C /* ProductHeaderCell.m */,
				F0B973A21DBB95C70066632C /* ProductImageCell.h */,
				F0B973A31DBB95C70066632C /* ProductImageCell.m */,
				F0B973A41DBB95C70066632C /* ProductVariantCell.h */,
				F0B973A51DBB95C70066632C /* ProductVariantCell.m */,
				F0B973A61DBB95C70066632C /* ProductView.h */,
				F0B973A71DBB95C70066632C /* ProductView.m */,
				F0B973A81DBB95C70066632C /* ProductViewController.h */,
				F0B973A91DBB95C70066632C /* ProductViewController.m */,
				F0B973AA1DBB95C70066632C /* ProductViewControllerThemeStyleTableViewCell.h */,
				F0B973AB1DBB95C70066632C /* ProductViewControllerThemeStyleTableViewCell.m */,
				F0B973AC1DBB95C70066632C /* ProductViewControllerThemeTintColorTableViewCell.h */,
				F0B973AD1DBB95C70066632C /* ProductViewControllerThemeTintColorTableViewCell.m */,
				F0B973AE1DBB95C70066632C /* ProductViewControllerToggleTableViewCell.h */,
				F0B973AF1DBB95C70066632C /* ProductViewControllerToggleTableViewCell.m */,
				F0B973B01DBB95C70066632C /* ProductViewHeader.h */,
				F0B973B11DBB95C70066632C /* ProductViewHeader.m */,
				F0B973B21DBB95C70066632C /* ProductViewNavigationController.h */,
				F0B973B31DBB95C70066632C /* ProductViewNavigationController.m */,
				F0B973B41DBB95C70066632C /* ProductViewPresentationController.h */,
				F0B973B51DBB95C70066632C /* ProductViewPresentationController.m */,
				F0B973B61DBB95C70066632C /* Variant Selection */,
				F0B973C51DBB95C70066632C /* View Controllers */,
			);
			path = "Product View";
			sourceTree = "<group>";
		};
		F0B973B61DBB95C70066632C /* Variant Selection */ = {
			isa = PBXGroup;
			children = (
				F0B973B71DBB95C70066632C /* OptionBreadCrumbsView.h */,
				F0B973B81DBB95C70066632C /* OptionBreadCrumbsView.m */,
				F0B973B91DBB95C70066632C /* OptionSelectionNavigationController.h */,
				F0B973BA1DBB95C70066632C /* OptionSelectionNavigationController.m */,
				F0B973BB1DBB95C70066632C /* OptionSelectionViewController.h */,
				F0B973BC1DBB95C70066632C /* OptionSelectionViewController.m */,
				F0B973BD1DBB95C70066632C /* OptionValueCell.h */,
				F0B973BE1DBB95C70066632C /* OptionValueCell.m */,
				F0B973BF1DBB95C70066632C /* VariantOptionView.h */,
				F0B973C01DBB95C70066632C /* VariantOptionView.m */,
				F0B973C11DBB95C70066632C /* VariantSelectionPresentationController.h */,
				F0B973C21DBB95C70066632C /* VariantSelectionPresentationController.m */,
				F0B973C31DBB95C70066632C /* VariantSelectionViewController.h */,
				F0B973C41DBB95C70066632C /* VariantSelectionViewController.m */,
			);
			path = "Variant Selection";
			sourceTree = "<group>";
		};
		F0B973C51DBB95C70066632C /* View Controllers */ = {
			isa = PBXGroup;
			children = (
				F0B973C61DBB95C70066632C /* NavigationController.h */,
				F0B973C71DBB95C70066632C /* NavigationController.m */,
				F0B973C81DBB95C70066632C /* PaymentViewController.h */,
				F0B973C91DBB95C70066632C /* PaymentViewController.m */,
			);
			path = "View Controllers";
			sourceTree = "<group>";
		};
		F0B973E81DBB969F0066632C /* UIKit Additions */ = {
			isa = PBXGroup;
			children = (
				F0B973E91DBB969F0066632C /* UIColor+Additions.h */,
				F0B973EA1DBB969F0066632C /* UIColor+Additions.m */,
				F0B973EB1DBB969F0066632C /* UIFont+Additions.h */,
				F0B973EC1DBB969F0066632C /* UIFont+Additions.m */,
				F0B973ED1DBB969F0066632C /* UIImage+Additions.h */,
				F0B973EE1DBB969F0066632C /* UIImage+Additions.m */,
			);
			path = "UIKit Additions";
			sourceTree = "<group>";
		};
		F0B973EF1DBB969F0066632C /* PaymentButton */ = {
			isa = PBXGroup;
			children = (
				F0B973F01DBB969F0066632C /* ImageKit.h */,
				F0B973F11DBB969F0066632C /* ImageKit.m */,
				F0B973F21DBB969F0066632C /* PaymentButton.h */,
				F0B973F31DBB969F0066632C /* PaymentButton.m */,
				F0B973F41DBB969F0066632C /* UIButton+PaymentButton.h */,
				F0B973F51DBB969F0066632C /* UIButton+PaymentButton.m */,
				F0B973F61DBB969F0066632C /* UIImage+PaymentButton.h */,
				F0B973F71DBB969F0066632C /* UIImage+PaymentButton.m */,
			);
			path = PaymentButton;
			sourceTree = "<group>";
		};
		F0B973F81DBB969F0066632C /* Appearance */ = {
			isa = PBXGroup;
			children = (
				F0B973F91DBB969F0066632C /* Theme+Additions.h */,
				F0B973FA1DBB969F0066632C /* Theme+Additions.m */,
				F0B973FB1DBB969F0066632C /* Theme.h */,
				F0B973FC1DBB969F0066632C /* Theme.m */,
				F0B973FD1DBB969F0066632C /* VisualEffectView.h */,
				F0B973FE1DBB969F0066632C /* VisualEffectView.m */,
			);
			path = Appearance;
			sourceTree = "<group>";
		};
		F0B974151DBC08EF0066632C /* Model */ = {
			isa = PBXGroup;
			children = (
				F0B974161DBC09310066632C /* Dream.h */,
				F0B974171DBC09310066632C /* Dream.m */,
				F0B9741C1DBC0A090066632C /* Layer.h */,
				F0B9741D1DBC0A090066632C /* Layer.m */,
				F0B974191DBC09860066632C /* User.h */,
				F0B9741A1DBC09860066632C /* User.m */,
			);
			path = Model;
			sourceTree = "<group>";
		};
		F0B9741F1DBC388C0066632C /* Business */ = {
			isa = PBXGroup;
			children = (
				F0B974211DBC38F60066632C /* ConnectionManager.h */,
				F0B974221DBC38F60066632C /* ConnectionManager.m */,
				F0E28B3F1DBCD54800456856 /* FirebaseUploader.h */,
				F0E28B401DBCD54800456856 /* FirebaseUploader.m */,
				F0E28B471DBD12A500456856 /* YouTubeHandler.h */,
				F0E28B481DBD12A500456856 /* YouTubeHandler.m */,
			);
			path = Business;
			sourceTree = "<group>";
		};
		F0B974201DBC38BA0066632C /* Business */ = {
			isa = PBXGroup;
			children = (
				F0B974241DBC391B0066632C /* ConnectionManagerTests.m */,
			);
			path = Business;
			sourceTree = "<group>";
		};
		F0B974261DBC39340066632C /* Fixtures */ = {
			isa = PBXGroup;
			children = (
				F0E28B361DBC7C5800456856 /* AllDreams.json */,
				F0E28B291DBC447A00456856 /* Dream.json */,
				F0E28B421DBCE53E00456856 /* DreamCreation.json */,
				F0E28B2B1DBC448D00456856 /* DreamsResponse.json */,
				F0E28B321DBC757400456856 /* Layer.json */,
				F0B974291DBC39340066632C /* Server.rb */,
				F0B9742C1DBC39340066632C /* User.json */,
			);
			path = Fixtures;
			sourceTree = "<group>";
		};
		F0E28B261DBC3AB500456856 /* Model */ = {
			isa = PBXGroup;
			children = (
				F0E28B2D1DBC44FE00456856 /* DreamTests.m */,
				F0E28B341DBC759C00456856 /* LayerTests.m */,
				F0E28B271DBC3AEF00456856 /* UserTests.m */,
			);
			path = Model;
			sourceTree = "<group>";
		};
/* End PBXGroup section */

/* Begin PBXNativeTarget section */
		F0B973471DBAF3340066632C /* DreamShop */ = {
			isa = PBXNativeTarget;
			buildConfigurationList = F0B9736D1DBAF3350066632C /* Build configuration list for PBXNativeTarget "DreamShop" */;
			buildPhases = (
				FFB1BF7F38DFF8AC16D4D380 /* [CP] Check Pods Manifest.lock */,
				F0B973441DBAF3340066632C /* Sources */,
				F0B973451DBAF3340066632C /* Frameworks */,
				F0B973461DBAF3340066632C /* Resources */,
				F05019835B631A6A00FA70E5 /* [CP] Embed Pods Frameworks */,
				ECF65EAD6562CAB94B70A464 /* [CP] Copy Pods Resources */,
			);
			buildRules = (
			);
			dependencies = (
			);
			name = DreamShop;
			productName = DreamShop;
			productReference = F0B973481DBAF3350066632C /* DreamShop.app */;
			productType = "com.apple.product-type.application";
		};
		F0B973631DBAF3350066632C /* DreamShopTests */ = {
			isa = PBXNativeTarget;
			buildConfigurationList = F0B973701DBAF3350066632C /* Build configuration list for PBXNativeTarget "DreamShopTests" */;
			buildPhases = (
				8A06A95CB35E55E6EC0735DA /* [CP] Check Pods Manifest.lock */,
				F0B973601DBAF3350066632C /* Sources */,
				F0B973611DBAF3350066632C /* Frameworks */,
				F0B973621DBAF3350066632C /* Resources */,
				9E8273F0074A7B693E3E6798 /* [CP] Embed Pods Frameworks */,
				27AD5BC6ABCDA2289DDE4AD7 /* [CP] Copy Pods Resources */,
			);
			buildRules = (
			);
			dependencies = (
				F0B973661DBAF3350066632C /* PBXTargetDependency */,
			);
			name = DreamShopTests;
			productName = DreamShopTests;
			productReference = F0B973641DBAF3350066632C /* DreamShopTests.xctest */;
			productType = "com.apple.product-type.bundle.unit-test";
		};
/* End PBXNativeTarget section */

/* Begin PBXProject section */
		F0B973401DBAF3340066632C /* Project object */ = {
			isa = PBXProject;
			attributes = {
				LastUpgradeCheck = 0800;
				ORGANIZATIONNAME = "Cassiano Monteiro";
				TargetAttributes = {
					F0B973471DBAF3340066632C = {
						CreatedOnToolsVersion = 8.0;
						DevelopmentTeam = 5S284KMJJS;
						ProvisioningStyle = Automatic;
					};
					F0B973631DBAF3350066632C = {
						CreatedOnToolsVersion = 8.0;
						DevelopmentTeam = 5S284KMJJS;
						ProvisioningStyle = Automatic;
						TestTargetID = F0B973471DBAF3340066632C;
					};
				};
			};
			buildConfigurationList = F0B973431DBAF3340066632C /* Build configuration list for PBXProject "DreamShop" */;
			compatibilityVersion = "Xcode 3.2";
			developmentRegion = English;
			hasScannedForEncodings = 0;
			knownRegions = (
				en,
				Base,
			);
			mainGroup = F0B9733F1DBAF3340066632C;
			productRefGroup = F0B973491DBAF3350066632C /* Products */;
			projectDirPath = "";
			projectRoot = "";
			targets = (
				F0B973471DBAF3340066632C /* DreamShop */,
				F0B973631DBAF3350066632C /* DreamShopTests */,
			);
		};
/* End PBXProject section */

/* Begin PBXResourcesBuildPhase section */
		F0B973461DBAF3340066632C /* Resources */ = {
			isa = PBXResourcesBuildPhase;
			buildActionMask = 2147483647;
			files = (
				F0B973741DBAF4100066632C /* GoogleService-Info.plist in Resources */,
				F0B9735B1DBAF3350066632C /* Assets.xcassets in Resources */,
				F0B973CB1DBB95C70066632C /* ActionableFooterView.xib in Resources */,
				F0B9740B1DBBE3D90066632C /* LaunchScreen.storyboard in Resources */,
				F0B973561DBAF3350066632C /* Main.storyboard in Resources */,
			);
			runOnlyForDeploymentPostprocessing = 0;
		};
		F0B973621DBAF3350066632C /* Resources */ = {
			isa = PBXResourcesBuildPhase;
			buildActionMask = 2147483647;
			files = (
				F0B974321DBC39340066632C /* User.json in Resources */,
				F0E28B371DBC7C5800456856 /* AllDreams.json in Resources */,
				F0E28B2A1DBC447A00456856 /* Dream.json in Resources */,
				F0E28B431DBCE53E00456856 /* DreamCreation.json in Resources */,
				F0E28B2C1DBC448D00456856 /* DreamsResponse.json in Resources */,
				F0B974301DBC39340066632C /* Server.rb in Resources */,
				F0E28B331DBC757400456856 /* Layer.json in Resources */,
			);
			runOnlyForDeploymentPostprocessing = 0;
		};
/* End PBXResourcesBuildPhase section */

/* Begin PBXShellScriptBuildPhase section */
		27AD5BC6ABCDA2289DDE4AD7 /* [CP] Copy Pods Resources */ = {
			isa = PBXShellScriptBuildPhase;
			buildActionMask = 2147483647;
			files = (
			);
			inputPaths = (
			);
			name = "[CP] Copy Pods Resources";
			outputPaths = (
			);
			runOnlyForDeploymentPostprocessing = 0;
			shellPath = /bin/sh;
			shellScript = "\"${SRCROOT}/Pods/Target Support Files/Pods-DreamShopTests/Pods-DreamShopTests-resources.sh\"\n";
			showEnvVarsInLog = 0;
		};
		8A06A95CB35E55E6EC0735DA /* [CP] Check Pods Manifest.lock */ = {
			isa = PBXShellScriptBuildPhase;
			buildActionMask = 2147483647;
			files = (
			);
			inputPaths = (
			);
			name = "[CP] Check Pods Manifest.lock";
			outputPaths = (
			);
			runOnlyForDeploymentPostprocessing = 0;
			shellPath = /bin/sh;
			shellScript = "diff \"${PODS_ROOT}/../Podfile.lock\" \"${PODS_ROOT}/Manifest.lock\" > /dev/null\nif [[ $? != 0 ]] ; then\n    cat << EOM\nerror: The sandbox is not in sync with the Podfile.lock. Run 'pod install' or update your CocoaPods installation.\nEOM\n    exit 1\nfi\n";
			showEnvVarsInLog = 0;
		};
		9E8273F0074A7B693E3E6798 /* [CP] Embed Pods Frameworks */ = {
			isa = PBXShellScriptBuildPhase;
			buildActionMask = 2147483647;
			files = (
			);
			inputPaths = (
			);
			name = "[CP] Embed Pods Frameworks";
			outputPaths = (
			);
			runOnlyForDeploymentPostprocessing = 0;
			shellPath = /bin/sh;
			shellScript = "\"${SRCROOT}/Pods/Target Support Files/Pods-DreamShopTests/Pods-DreamShopTests-frameworks.sh\"\n";
			showEnvVarsInLog = 0;
		};
		ECF65EAD6562CAB94B70A464 /* [CP] Copy Pods Resources */ = {
			isa = PBXShellScriptBuildPhase;
			buildActionMask = 2147483647;
			files = (
			);
			inputPaths = (
			);
			name = "[CP] Copy Pods Resources";
			outputPaths = (
			);
			runOnlyForDeploymentPostprocessing = 0;
			shellPath = /bin/sh;
			shellScript = "\"${SRCROOT}/Pods/Target Support Files/Pods-DreamShop/Pods-DreamShop-resources.sh\"\n";
			showEnvVarsInLog = 0;
		};
		F05019835B631A6A00FA70E5 /* [CP] Embed Pods Frameworks */ = {
			isa = PBXShellScriptBuildPhase;
			buildActionMask = 2147483647;
			files = (
			);
			inputPaths = (
			);
			name = "[CP] Embed Pods Frameworks";
			outputPaths = (
			);
			runOnlyForDeploymentPostprocessing = 0;
			shellPath = /bin/sh;
			shellScript = "\"${SRCROOT}/Pods/Target Support Files/Pods-DreamShop/Pods-DreamShop-frameworks.sh\"\n";
			showEnvVarsInLog = 0;
		};
		FFB1BF7F38DFF8AC16D4D380 /* [CP] Check Pods Manifest.lock */ = {
			isa = PBXShellScriptBuildPhase;
			buildActionMask = 2147483647;
			files = (
			);
			inputPaths = (
			);
			name = "[CP] Check Pods Manifest.lock";
			outputPaths = (
			);
			runOnlyForDeploymentPostprocessing = 0;
			shellPath = /bin/sh;
			shellScript = "diff \"${PODS_ROOT}/../Podfile.lock\" \"${PODS_ROOT}/Manifest.lock\" > /dev/null\nif [[ $? != 0 ]] ; then\n    cat << EOM\nerror: The sandbox is not in sync with the Podfile.lock. Run 'pod install' or update your CocoaPods installation.\nEOM\n    exit 1\nfi\n";
			showEnvVarsInLog = 0;
		};
/* End PBXShellScriptBuildPhase section */

/* Begin PBXSourcesBuildPhase section */
		F0B973441DBAF3340066632C /* Sources */ = {
			isa = PBXSourcesBuildPhase;
			buildActionMask = 2147483647;
			files = (
				F0B974031DBB969F0066632C /* PaymentButton.m in Sources */,
				F0B973851DBB197C0066632C /* UIImage+RoundedCorner.m in Sources */,
				F0B973591DBAF3350066632C /* DreamShop.xcdatamodeld in Sources */,
				F0B973CE1DBB95C70066632C /* DisclosureIndicatorView.m in Sources */,
				F0B973DA1DBB95C80066632C /* ProductViewControllerThemeTintColorTableViewCell.m in Sources */,
				F0B9740E1DBBF12D0066632C /* SignInManager.m in Sources */,
				F0B973501DBAF3350066632C /* AppDelegate.m in Sources */,
				F0B974041DBB969F0066632C /* UIButton+PaymentButton.m in Sources */,
				F0B973831DBB197C0066632C /* UIImage+Alpha.m in Sources */,
				F0B973E21DBB95C80066632C /* OptionValueCell.m in Sources */,
				F0B973D41DBB95C70066632C /* ProductHeaderCell.m in Sources */,
				F0B973D11DBB95C70066632C /* HeaderBackgroundView.m in Sources */,
				F0B973781DBAF6E80066632C /* NewsFeedVC.m in Sources */,
				F0B974011DBB969F0066632C /* UIImage+Additions.m in Sources */,
				F0B973E41DBB95C80066632C /* VariantSelectionPresentationController.m in Sources */,
				F0B973D71DBB95C80066632C /* ProductView.m in Sources */,
				F0B974001DBB969F0066632C /* UIFont+Additions.m in Sources */,
				F0B973CC1DBB95C70066632C /* AsyncImageView.m in Sources */,
				F0B973D31DBB95C70066632C /* ProductDescriptionCell.m in Sources */,
				F0E28B411DBCD54800456856 /* FirebaseUploader.m in Sources */,
				F0B973E61DBB95C80066632C /* NavigationController.m in Sources */,
				F0B974071DBB969F0066632C /* Theme.m in Sources */,
				F0B973DF1DBB95C80066632C /* OptionBreadCrumbsView.m in Sources */,
				F0E28B3E1DBCCA3500456856 /* NewsFeedTVC.m in Sources */,
				F0B973CF1DBB95C70066632C /* ErrorView.m in Sources */,
				F0B9734D1DBAF3350066632C /* main.m in Sources */,
				F0B974021DBB969F0066632C /* ImageKit.m in Sources */,
				F0B974051DBB969F0066632C /* UIImage+PaymentButton.m in Sources */,
				F0B973881DBB87380066632C /* SearchProductsVC.m in Sources */,
				F0B973E51DBB95C80066632C /* VariantSelectionViewController.m in Sources */,
				F0B973D01DBB95C70066632C /* GradientView.m in Sources */,
				F0B973D81DBB95C80066632C /* ProductViewController.m in Sources */,
				F0B9741B1DBC09860066632C /* User.m in Sources */,
				F0E28B3A1DBC954200456856 /* NewDreamVC.m in Sources */,
				F0E28B311DBC5CDC00456856 /* DreamDetailVC.m in Sources */,
				F0B973D91DBB95C80066632C /* ProductViewControllerThemeStyleTableViewCell.m in Sources */,
				F0B974181DBC09310066632C /* Dream.m in Sources */,
				F0B9741E1DBC0A090066632C /* Layer.m in Sources */,
				F0B973D21DBB95C70066632C /* HeaderOverlayView.m in Sources */,
				F0B973E01DBB95C80066632C /* OptionSelectionNavigationController.m in Sources */,
				F0B974111DBBFBBB0066632C /* SimpleImageCell.m in Sources */,
				F0B974061DBB969F0066632C /* Theme+Additions.m in Sources */,
				F0B973CA1DBB95C70066632C /* ActionableFooterView.m in Sources */,
				F0B973DD1DBB95C80066632C /* ProductViewNavigationController.m in Sources */,
				F0B973DB1DBB95C80066632C /* ProductViewControllerToggleTableViewCell.m in Sources */,
				F0B974141DBC05A20066632C /* DreamCell.m in Sources */,
				F0B973E11DBB95C80066632C /* OptionSelectionViewController.m in Sources */,
				F0B973E71DBB95C80066632C /* PaymentViewController.m in Sources */,
				F0B973D61DBB95C70066632C /* ProductVariantCell.m in Sources */,
				F0B973E31DBB95C80066632C /* VariantOptionView.m in Sources */,
				F0B973CD1DBB95C70066632C /* CheckoutButton.m in Sources */,
				F0B974231DBC38F60066632C /* ConnectionManager.m in Sources */,
				F0B974081DBB969F0066632C /* VisualEffectView.m in Sources */,
				F0B973D51DBB95C70066632C /* ProductImageCell.m in Sources */,
				F0E28B491DBD12A500456856 /* YouTubeHandler.m in Sources */,
				F0B9737B1DBB125B0066632C /* AlertControllerFactory.m in Sources */,
				F0B973841DBB197C0066632C /* UIImage+Resize.m in Sources */,
				F0B973DC1DBB95C80066632C /* ProductViewHeader.m in Sources */,
				F0B973DE1DBB95C80066632C /* ProductViewPresentationController.m in Sources */,
				F0B973FF1DBB969F0066632C /* UIColor+Additions.m in Sources */,
			);
			runOnlyForDeploymentPostprocessing = 0;
		};
		F0B973601DBAF3350066632C /* Sources */ = {
			isa = PBXSourcesBuildPhase;
			buildActionMask = 2147483647;
			files = (
				F0E28B281DBC3AEF00456856 /* UserTests.m in Sources */,
				F0E28B2E1DBC44FE00456856 /* DreamTests.m in Sources */,
				F0B974251DBC391B0066632C /* ConnectionManagerTests.m in Sources */,
				F0E28B351DBC759C00456856 /* LayerTests.m in Sources */,
			);
			runOnlyForDeploymentPostprocessing = 0;
		};
/* End PBXSourcesBuildPhase section */

/* Begin PBXTargetDependency section */
		F0B973661DBAF3350066632C /* PBXTargetDependency */ = {
			isa = PBXTargetDependency;
			target = F0B973471DBAF3340066632C /* DreamShop */;
			targetProxy = F0B973651DBAF3350066632C /* PBXContainerItemProxy */;
		};
/* End PBXTargetDependency section */

/* Begin PBXVariantGroup section */
		F0B973541DBAF3350066632C /* Main.storyboard */ = {
			isa = PBXVariantGroup;
			children = (
				F0B973551DBAF3350066632C /* Base */,
			);
			name = Main.storyboard;
			sourceTree = "<group>";
		};
		F0B974091DBBE3D90066632C /* LaunchScreen.storyboard */ = {
			isa = PBXVariantGroup;
			children = (
				F0B9740A1DBBE3D90066632C /* Base */,
			);
			name = LaunchScreen.storyboard;
			sourceTree = "<group>";
		};
/* End PBXVariantGroup section */

/* Begin XCBuildConfiguration section */
		F0B9736B1DBAF3350066632C /* Debug */ = {
			isa = XCBuildConfiguration;
			buildSettings = {
				ALWAYS_SEARCH_USER_PATHS = NO;
				CLANG_ANALYZER_NONNULL = YES;
				CLANG_CXX_LANGUAGE_STANDARD = "gnu++0x";
				CLANG_CXX_LIBRARY = "libc++";
				CLANG_ENABLE_MODULES = YES;
				CLANG_ENABLE_OBJC_ARC = YES;
				CLANG_WARN_BOOL_CONVERSION = YES;
				CLANG_WARN_CONSTANT_CONVERSION = YES;
				CLANG_WARN_DIRECT_OBJC_ISA_USAGE = YES_ERROR;
				CLANG_WARN_DOCUMENTATION_COMMENTS = YES;
				CLANG_WARN_EMPTY_BODY = YES;
				CLANG_WARN_ENUM_CONVERSION = YES;
				CLANG_WARN_INFINITE_RECURSION = YES;
				CLANG_WARN_INT_CONVERSION = YES;
				CLANG_WARN_OBJC_ROOT_CLASS = YES_ERROR;
				CLANG_WARN_SUSPICIOUS_MOVE = YES;
				CLANG_WARN_SUSPICIOUS_MOVES = YES;
				CLANG_WARN_UNREACHABLE_CODE = YES;
				CLANG_WARN__DUPLICATE_METHOD_MATCH = YES;
				"CODE_SIGN_IDENTITY[sdk=iphoneos*]" = "iPhone Developer";
				COPY_PHASE_STRIP = NO;
				DEBUG_INFORMATION_FORMAT = dwarf;
				ENABLE_STRICT_OBJC_MSGSEND = YES;
				ENABLE_TESTABILITY = YES;
				GCC_C_LANGUAGE_STANDARD = gnu99;
				GCC_DYNAMIC_NO_PIC = NO;
				GCC_NO_COMMON_BLOCKS = YES;
				GCC_OPTIMIZATION_LEVEL = 0;
				GCC_PREPROCESSOR_DEFINITIONS = (
					"DEBUG=1",
					"$(inherited)",
				);
				GCC_WARN_64_TO_32_BIT_CONVERSION = YES;
				GCC_WARN_ABOUT_RETURN_TYPE = YES_ERROR;
				GCC_WARN_UNDECLARED_SELECTOR = YES;
				GCC_WARN_UNINITIALIZED_AUTOS = YES_AGGRESSIVE;
				GCC_WARN_UNUSED_FUNCTION = YES;
				GCC_WARN_UNUSED_VARIABLE = YES;
				IPHONEOS_DEPLOYMENT_TARGET = 10.0;
				MTL_ENABLE_DEBUG_INFO = YES;
				ONLY_ACTIVE_ARCH = YES;
				SDKROOT = iphoneos;
				TARGETED_DEVICE_FAMILY = "1,2";
			};
			name = Debug;
		};
		F0B9736C1DBAF3350066632C /* Release */ = {
			isa = XCBuildConfiguration;
			buildSettings = {
				ALWAYS_SEARCH_USER_PATHS = NO;
				CLANG_ANALYZER_NONNULL = YES;
				CLANG_CXX_LANGUAGE_STANDARD = "gnu++0x";
				CLANG_CXX_LIBRARY = "libc++";
				CLANG_ENABLE_MODULES = YES;
				CLANG_ENABLE_OBJC_ARC = YES;
				CLANG_WARN_BOOL_CONVERSION = YES;
				CLANG_WARN_CONSTANT_CONVERSION = YES;
				CLANG_WARN_DIRECT_OBJC_ISA_USAGE = YES_ERROR;
				CLANG_WARN_DOCUMENTATION_COMMENTS = YES;
				CLANG_WARN_EMPTY_BODY = YES;
				CLANG_WARN_ENUM_CONVERSION = YES;
				CLANG_WARN_INFINITE_RECURSION = YES;
				CLANG_WARN_INT_CONVERSION = YES;
				CLANG_WARN_OBJC_ROOT_CLASS = YES_ERROR;
				CLANG_WARN_SUSPICIOUS_MOVE = YES;
				CLANG_WARN_SUSPICIOUS_MOVES = YES;
				CLANG_WARN_UNREACHABLE_CODE = YES;
				CLANG_WARN__DUPLICATE_METHOD_MATCH = YES;
				"CODE_SIGN_IDENTITY[sdk=iphoneos*]" = "iPhone Developer";
				COPY_PHASE_STRIP = NO;
				DEBUG_INFORMATION_FORMAT = "dwarf-with-dsym";
				ENABLE_NS_ASSERTIONS = NO;
				ENABLE_STRICT_OBJC_MSGSEND = YES;
				GCC_C_LANGUAGE_STANDARD = gnu99;
				GCC_NO_COMMON_BLOCKS = YES;
				GCC_WARN_64_TO_32_BIT_CONVERSION = YES;
				GCC_WARN_ABOUT_RETURN_TYPE = YES_ERROR;
				GCC_WARN_UNDECLARED_SELECTOR = YES;
				GCC_WARN_UNINITIALIZED_AUTOS = YES_AGGRESSIVE;
				GCC_WARN_UNUSED_FUNCTION = YES;
				GCC_WARN_UNUSED_VARIABLE = YES;
				IPHONEOS_DEPLOYMENT_TARGET = 10.0;
				MTL_ENABLE_DEBUG_INFO = NO;
				SDKROOT = iphoneos;
				TARGETED_DEVICE_FAMILY = "1,2";
				VALIDATE_PRODUCT = YES;
			};
			name = Release;
		};
		F0B9736E1DBAF3350066632C /* Debug */ = {
			isa = XCBuildConfiguration;
			baseConfigurationReference = 7074704A4654C89BD63E028A /* Pods-DreamShop.debug.xcconfig */;
			buildSettings = {
				ASSETCATALOG_COMPILER_APPICON_NAME = AppIcon;
				ASSETCATALOG_COMPILER_LAUNCHIMAGE_NAME = LaunchImage;
				CLANG_WARN_DOCUMENTATION_COMMENTS = NO;
				DEVELOPMENT_TEAM = 5S284KMJJS;
				FRAMEWORK_SEARCH_PATHS = (
					"$(inherited)",
					"\"${PODS_ROOT}/Fabric/iOS\"",
					"\"${PODS_ROOT}/FirebaseAnalytics/Frameworks/frameworks\"",
					"\"${PODS_ROOT}/FirebaseAuth/Frameworks/frameworks\"",
					"\"${PODS_ROOT}/FirebaseCore/Frameworks/frameworks\"",
					"\"${PODS_ROOT}/FirebaseCrash/Frameworks/frameworks\"",
					"\"${PODS_ROOT}/FirebaseInstanceID/Frameworks/frameworks\"",
					"\"${PODS_ROOT}/GoogleAppUtilities/Frameworks/frameworks\"",
					"\"${PODS_ROOT}/GoogleAuthUtilities/Frameworks/frameworks\"",
					"\"${PODS_ROOT}/GoogleInterchangeUtilities/Frameworks/frameworks\"",
					"\"${PODS_ROOT}/GoogleNetworkingUtilities/Frameworks/frameworks\"",
					"\"${PODS_ROOT}/GoogleSignIn/Frameworks\"",
					"\"${PODS_ROOT}/GoogleSymbolUtilities/Frameworks/frameworks\"",
					"\"${PODS_ROOT}/GoogleUtilities/Frameworks/frameworks\"",
					"\"${PODS_ROOT}/TwitterCore/iOS\"",
					"\"${PODS_ROOT}/TwitterKit/iOS\"",
				);
				INFOPLIST_FILE = DreamShop/Info.plist;
				LD_RUNPATH_SEARCH_PATHS = "$(inherited) @executable_path/Frameworks";
				PRODUCT_BUNDLE_IDENTIFIER = com.github.cassianomonteiro.DreamShop;
				PRODUCT_NAME = "$(TARGET_NAME)";
				TARGETED_DEVICE_FAMILY = 1;
			};
			name = Debug;
		};
		F0B9736F1DBAF3350066632C /* Release */ = {
			isa = XCBuildConfiguration;
			baseConfigurationReference = A4067BFC4C6F9D4F63DFE4AB /* Pods-DreamShop.release.xcconfig */;
			buildSettings = {
				ASSETCATALOG_COMPILER_APPICON_NAME = AppIcon;
				ASSETCATALOG_COMPILER_LAUNCHIMAGE_NAME = LaunchImage;
				CLANG_WARN_DOCUMENTATION_COMMENTS = NO;
				DEVELOPMENT_TEAM = 5S284KMJJS;
				FRAMEWORK_SEARCH_PATHS = (
					"$(inherited)",
					"\"${PODS_ROOT}/Fabric/iOS\"",
					"\"${PODS_ROOT}/FirebaseAnalytics/Frameworks/frameworks\"",
					"\"${PODS_ROOT}/FirebaseAuth/Frameworks/frameworks\"",
					"\"${PODS_ROOT}/FirebaseCore/Frameworks/frameworks\"",
					"\"${PODS_ROOT}/FirebaseCrash/Frameworks/frameworks\"",
					"\"${PODS_ROOT}/FirebaseInstanceID/Frameworks/frameworks\"",
					"\"${PODS_ROOT}/GoogleAppUtilities/Frameworks/frameworks\"",
					"\"${PODS_ROOT}/GoogleAuthUtilities/Frameworks/frameworks\"",
					"\"${PODS_ROOT}/GoogleInterchangeUtilities/Frameworks/frameworks\"",
					"\"${PODS_ROOT}/GoogleNetworkingUtilities/Frameworks/frameworks\"",
					"\"${PODS_ROOT}/GoogleSignIn/Frameworks\"",
					"\"${PODS_ROOT}/GoogleSymbolUtilities/Frameworks/frameworks\"",
					"\"${PODS_ROOT}/GoogleUtilities/Frameworks/frameworks\"",
					"\"${PODS_ROOT}/TwitterCore/iOS\"",
					"\"${PODS_ROOT}/TwitterKit/iOS\"",
				);
				INFOPLIST_FILE = DreamShop/Info.plist;
				LD_RUNPATH_SEARCH_PATHS = "$(inherited) @executable_path/Frameworks";
				PRODUCT_BUNDLE_IDENTIFIER = com.github.cassianomonteiro.DreamShop;
				PRODUCT_NAME = "$(TARGET_NAME)";
				TARGETED_DEVICE_FAMILY = 1;
			};
			name = Release;
		};
		F0B973711DBAF3350066632C /* Debug */ = {
			isa = XCBuildConfiguration;
			baseConfigurationReference = A53131AE7606A8E12D6ABDFE /* Pods-DreamShopTests.debug.xcconfig */;
			buildSettings = {
				BUNDLE_LOADER = "$(TEST_HOST)";
				DEVELOPMENT_TEAM = 5S284KMJJS;
				INFOPLIST_FILE = DreamShopTests/Info.plist;
				LD_RUNPATH_SEARCH_PATHS = "$(inherited) @executable_path/Frameworks @loader_path/Frameworks";
				PRODUCT_BUNDLE_IDENTIFIER = com.github.cassianomonteiro.DreamShopTests;
				PRODUCT_NAME = "$(TARGET_NAME)";
				TEST_HOST = "$(BUILT_PRODUCTS_DIR)/DreamShop.app/DreamShop";
			};
			name = Debug;
		};
		F0B973721DBAF3350066632C /* Release */ = {
			isa = XCBuildConfiguration;
			baseConfigurationReference = CCAB73135B666A38BD52DE42 /* Pods-DreamShopTests.release.xcconfig */;
			buildSettings = {
				BUNDLE_LOADER = "$(TEST_HOST)";
				DEVELOPMENT_TEAM = 5S284KMJJS;
				INFOPLIST_FILE = DreamShopTests/Info.plist;
				LD_RUNPATH_SEARCH_PATHS = "$(inherited) @executable_path/Frameworks @loader_path/Frameworks";
				PRODUCT_BUNDLE_IDENTIFIER = com.github.cassianomonteiro.DreamShopTests;
				PRODUCT_NAME = "$(TARGET_NAME)";
				TEST_HOST = "$(BUILT_PRODUCTS_DIR)/DreamShop.app/DreamShop";
			};
			name = Release;
		};
/* End XCBuildConfiguration section */

/* Begin XCConfigurationList section */
		F0B973431DBAF3340066632C /* Build configuration list for PBXProject "DreamShop" */ = {
			isa = XCConfigurationList;
			buildConfigurations = (
				F0B9736B1DBAF3350066632C /* Debug */,
				F0B9736C1DBAF3350066632C /* Release */,
			);
			defaultConfigurationIsVisible = 0;
			defaultConfigurationName = Release;
		};
		F0B9736D1DBAF3350066632C /* Build configuration list for PBXNativeTarget "DreamShop" */ = {
			isa = XCConfigurationList;
			buildConfigurations = (
				F0B9736E1DBAF3350066632C /* Debug */,
				F0B9736F1DBAF3350066632C /* Release */,
			);
			defaultConfigurationIsVisible = 0;
			defaultConfigurationName = Release;
		};
		F0B973701DBAF3350066632C /* Build configuration list for PBXNativeTarget "DreamShopTests" */ = {
			isa = XCConfigurationList;
			buildConfigurations = (
				F0B973711DBAF3350066632C /* Debug */,
				F0B973721DBAF3350066632C /* Release */,
			);
			defaultConfigurationIsVisible = 0;
			defaultConfigurationName = Release;
		};
/* End XCConfigurationList section */

/* Begin XCVersionGroup section */
		F0B973571DBAF3350066632C /* DreamShop.xcdatamodeld */ = {
			isa = XCVersionGroup;
			children = (
				F0B973581DBAF3350066632C /* DreamShop.xcdatamodel */,
			);
			currentVersion = F0B973581DBAF3350066632C /* DreamShop.xcdatamodel */;
			path = DreamShop.xcdatamodeld;
			sourceTree = "<group>";
			versionGroupType = wrapper.xcdatamodel;
		};
/* End XCVersionGroup section */
	};
	rootObject = F0B973401DBAF3340066632C /* Project object */;
}
